
Microsoft Visual Studio Solution File, Format Version 12.00
# Visual Studio Version 17
VisualStudioVersion = 17.5.002.0
MinimumVisualStudioVersion = 10.0.40219.1
Project("{2150E333-8FDC-42A3-9474-1A3956D46DE8}") = "Semana1", "Semana1", "{A28BF416-B54B-41DC-BE46-17BD8ABE8F1E}"
EndProject
Project("{9A19103F-16F7-4668-BE54-9A1E7A4F7556}") = "apptest", "Semana1\apptest\apptest.csproj", "{F035A933-DA00-47C7-8654-E05483333526}"
EndProject
Project("{2150E333-8FDC-42A3-9474-1A3956D46DE8}") = "Semana2", "Semana2", "{3567295F-B137-42B9-9DF6-C23397831A7B}"
EndProject
Project("{2150E333-8FDC-42A3-9474-1A3956D46DE8}") = "IP-dotNET-P02", "IP-dotNET-P02", "{FFCC6DAE-6B70-4A7D-A031-F8C621A32930}"
EndProject
Project("{9A19103F-16F7-4668-BE54-9A1E7A4F7556}") = "gerenciadorTarefas", "Semana2\IP-dotNET-P02\gerenciadorTarefas\gerenciadorTarefas.csproj", "{3DCCC940-7358-41C3-B4B9-142780C0CC57}"
EndProject
Project("{2150E333-8FDC-42A3-9474-1A3956D46DE8}") = "Semana3", "Semana3", "{4EF32ADA-858F-4197-A019-A5AF43FF5E78}"
EndProject
Project("{2150E333-8FDC-42A3-9474-1A3956D46DE8}") = "Exemplos", "Exemplos", "{F25F3F9E-D310-4C49-9483-E0619C749F1D}"
EndProject
Project("{9A19103F-16F7-4668-BE54-9A1E7A4F7556}") = "exemplo1", "Semana3\Exemplos\exemplo1\exemplo1.csproj", "{70295BAD-892F-4036-A0C3-FEAF8CFB6F59}"
EndProject
Project("{9A19103F-16F7-4668-BE54-9A1E7A4F7556}") = "Exemplo2", "Semana3\Exemplos\Exemplo2\Exemplo2.csproj", "{C4C7629E-FE1C-4610-A742-259C40C2D436}"
EndProject
Project("{2150E333-8FDC-42A3-9474-1A3956D46DE8}") = "IP-dotNET-P01", "IP-dotNET-P01", "{9641972F-D690-4061-9BA1-746A88B441EE}"
EndProject
Project("{2150E333-8FDC-42A3-9474-1A3956D46DE8}") = "02", "02", "{7810977C-C808-4893-B2FF-5940680A3375}"
EndProject
Project("{9A19103F-16F7-4668-BE54-9A1E7A4F7556}") = "exe1", "Semana1\IP-dotNET-P01\02\exe1\exe1.csproj", "{88F49D67-4A40-40B5-8F37-71DB1BAEBA61}"
EndProject
Project("{2150E333-8FDC-42A3-9474-1A3956D46DE8}") = "03", "03", "{A09BAB71-F869-48A0-B9D7-ED5ED99F9605}"
EndProject
Project("{9A19103F-16F7-4668-BE54-9A1E7A4F7556}") = "exe3", "Semana1\IP-dotNET-P01\03\exe3\exe3.csproj", "{D86EF430-BF03-4EF3-8C95-20D062338A1E}"
EndProject
Project("{2150E333-8FDC-42A3-9474-1A3956D46DE8}") = "04", "04", "{5C7F75A3-81AD-4A3B-AA75-EF03F52C5E27}"
EndProject
Project("{9A19103F-16F7-4668-BE54-9A1E7A4F7556}") = "exe4", "Semana1\IP-dotNET-P01\04\exe4\exe4.csproj", "{659C1F8C-248E-419B-AE5A-8E44A3A1C4B6}"
EndProject
Project("{2150E333-8FDC-42A3-9474-1A3956D46DE8}") = "05", "05", "{05B6CC7D-F027-4972-93FF-61151805B3BB}"
EndProject
Project("{9A19103F-16F7-4668-BE54-9A1E7A4F7556}") = "exe5", "Semana1\IP-dotNET-P01\05\exe5\exe5.csproj", "{F070BE8C-154D-4B1D-963B-3ABD01DFFD98}"
EndProject
Project("{2150E333-8FDC-42A3-9474-1A3956D46DE8}") = "06", "06", "{809B8A92-2A41-414A-BF25-7F9E4CB4C06E}"
EndProject
Project("{9A19103F-16F7-4668-BE54-9A1E7A4F7556}") = "exe6", "Semana1\IP-dotNET-P01\06\exe6\exe6.csproj", "{04E3DA29-34C0-45E7-B824-72D5AF4FFBF8}"
EndProject
Project("{2150E333-8FDC-42A3-9474-1A3956D46DE8}") = "07", "07", "{7E77F11C-1E16-4000-A7EC-EE918A81D96B}"
EndProject
Project("{9A19103F-16F7-4668-BE54-9A1E7A4F7556}") = "exe7", "Semana1\IP-dotNET-P01\07\exe7\exe7.csproj", "{0C5E4E7C-D36B-4595-A0CB-46E772018CD6}"
EndProject
Project("{2150E333-8FDC-42A3-9474-1A3956D46DE8}") = "08", "08", "{B5880D93-D2AA-42F1-9D93-52E75C7D146E}"
EndProject
Project("{9A19103F-16F7-4668-BE54-9A1E7A4F7556}") = "exe8", "Semana1\IP-dotNET-P01\08\exe8\exe8.csproj", "{CCBD72AB-FD29-42E1-A5CB-A68527A15093}"
EndProject
Project("{2150E333-8FDC-42A3-9474-1A3956D46DE8}") = "attsAula", "attsAula", "{7B73076F-4C34-48D6-AA47-B0AF77E1B0FF}"
EndProject
Project("{2150E333-8FDC-42A3-9474-1A3956D46DE8}") = "Exemplos", "Exemplos", "{272E1441-A095-47E1-B108-38B30208D9E9}"
EndProject
Project("{9A19103F-16F7-4668-BE54-9A1E7A4F7556}") = "ExemploData", "Semana2\attsAula\Exemplos\ExemploData\ExemploData.csproj", "{DA2EB7A5-70C4-4310-AEB1-ED8C7B7FED57}"
EndProject
Project("{9A19103F-16F7-4668-BE54-9A1E7A4F7556}") = "ExemploLista", "Semana2\attsAula\Exemplos\ExemploLista\ExemploLista.csproj", "{62AB958F-B8B0-4AF4-873F-0EE4E36A4213}"
EndProject
Project("{2150E333-8FDC-42A3-9474-1A3956D46DE8}") = "Exercicio1", "Exercicio1", "{5BCE9099-6D48-48E2-9F41-ED73C25FADDE}"
EndProject
Project("{9A19103F-16F7-4668-BE54-9A1E7A4F7556}") = "exe1", "Semana2\attsAula\Exercicio1\exe1\exe1.csproj", "{51E35328-90EA-471E-8810-E11CEDD465B9}"
EndProject
Project("{9A19103F-16F7-4668-BE54-9A1E7A4F7556}") = "exe2", "Semana2\attsAula\Exercicio1\exe2\exe2.csproj", "{112B1157-33F8-4239-BB29-63C18ECE050F}"
EndProject
Project("{9A19103F-16F7-4668-BE54-9A1E7A4F7556}") = "exe3", "Semana2\attsAula\Exercicio1\exe3\exe3.csproj", "{66841FFA-42E0-4636-9917-E9284EE14644}"
EndProject
Project("{9A19103F-16F7-4668-BE54-9A1E7A4F7556}") = "exe4", "Semana2\attsAula\Exercicio1\exe4\exe4.csproj", "{0492F11C-F312-4B96-A651-C7AD8C4B3DCF}"
EndProject
Project("{2150E333-8FDC-42A3-9474-1A3956D46DE8}") = "attsAula", "attsAula", "{9E2F96CC-1EB2-4408-8338-46C45D35CF5C}"
EndProject
Project("{2150E333-8FDC-42A3-9474-1A3956D46DE8}") = "Praticas", "Praticas", "{9B17FA03-8E27-4C62-83BE-F53AB96030DA}"
EndProject
Project("{9A19103F-16F7-4668-BE54-9A1E7A4F7556}") = "Pratica1", "Semana3\attsAula\Praticas\Pratica1\Pratica1.csproj", "{9B1FE055-3C49-45A9-B3F9-DCF4202705FD}"
EndProject
Project("{9A19103F-16F7-4668-BE54-9A1E7A4F7556}") = "Pratica2", "Semana3\attsAula\Praticas\Pratica2\Pratica2.csproj", "{09F2068C-E82D-4356-B35C-38B5D8A61353}"
EndProject
Project("{2150E333-8FDC-42A3-9474-1A3956D46DE8}") = "IP-dotNET-P03", "IP-dotNET-P03", "{4DF3DA70-834D-497D-BFF7-678470CF7A92}"
EndProject
Project("{FAE04EC0-301F-11D3-BF4B-00C04F79EFBC}") = "GerenciamentoEstoque", "Semana3\IP-dotNET-P03\GerenciamentoEstoque\GerenciamentoEstoque.csproj", "{F7AEBD67-89B0-4959-A252-606285EA92CF}"
EndProject
Global
	GlobalSection(SolutionConfigurationPlatforms) = preSolution
		Debug|Any CPU = Debug|Any CPU
		Release|Any CPU = Release|Any CPU
	EndGlobalSection
	GlobalSection(ProjectConfigurationPlatforms) = postSolution
		{F035A933-DA00-47C7-8654-E05483333526}.Debug|Any CPU.ActiveCfg = Debug|Any CPU
		{F035A933-DA00-47C7-8654-E05483333526}.Debug|Any CPU.Build.0 = Debug|Any CPU
		{F035A933-DA00-47C7-8654-E05483333526}.Release|Any CPU.ActiveCfg = Release|Any CPU
		{F035A933-DA00-47C7-8654-E05483333526}.Release|Any CPU.Build.0 = Release|Any CPU
		{3DCCC940-7358-41C3-B4B9-142780C0CC57}.Debug|Any CPU.ActiveCfg = Debug|Any CPU
		{3DCCC940-7358-41C3-B4B9-142780C0CC57}.Debug|Any CPU.Build.0 = Debug|Any CPU
		{3DCCC940-7358-41C3-B4B9-142780C0CC57}.Release|Any CPU.ActiveCfg = Release|Any CPU
		{3DCCC940-7358-41C3-B4B9-142780C0CC57}.Release|Any CPU.Build.0 = Release|Any CPU
		{70295BAD-892F-4036-A0C3-FEAF8CFB6F59}.Debug|Any CPU.ActiveCfg = Debug|Any CPU
		{70295BAD-892F-4036-A0C3-FEAF8CFB6F59}.Debug|Any CPU.Build.0 = Debug|Any CPU
		{70295BAD-892F-4036-A0C3-FEAF8CFB6F59}.Release|Any CPU.ActiveCfg = Release|Any CPU
		{70295BAD-892F-4036-A0C3-FEAF8CFB6F59}.Release|Any CPU.Build.0 = Release|Any CPU
		{C4C7629E-FE1C-4610-A742-259C40C2D436}.Debug|Any CPU.ActiveCfg = Debug|Any CPU
		{C4C7629E-FE1C-4610-A742-259C40C2D436}.Debug|Any CPU.Build.0 = Debug|Any CPU
		{C4C7629E-FE1C-4610-A742-259C40C2D436}.Release|Any CPU.ActiveCfg = Release|Any CPU
		{C4C7629E-FE1C-4610-A742-259C40C2D436}.Release|Any CPU.Build.0 = Release|Any CPU
		{88F49D67-4A40-40B5-8F37-71DB1BAEBA61}.Debug|Any CPU.ActiveCfg = Debug|Any CPU
		{88F49D67-4A40-40B5-8F37-71DB1BAEBA61}.Debug|Any CPU.Build.0 = Debug|Any CPU
		{88F49D67-4A40-40B5-8F37-71DB1BAEBA61}.Release|Any CPU.ActiveCfg = Release|Any CPU
		{88F49D67-4A40-40B5-8F37-71DB1BAEBA61}.Release|Any CPU.Build.0 = Release|Any CPU
		{D86EF430-BF03-4EF3-8C95-20D062338A1E}.Debug|Any CPU.ActiveCfg = Debug|Any CPU
		{D86EF430-BF03-4EF3-8C95-20D062338A1E}.Debug|Any CPU.Build.0 = Debug|Any CPU
		{D86EF430-BF03-4EF3-8C95-20D062338A1E}.Release|Any CPU.ActiveCfg = Release|Any CPU
		{D86EF430-BF03-4EF3-8C95-20D062338A1E}.Release|Any CPU.Build.0 = Release|Any CPU
		{659C1F8C-248E-419B-AE5A-8E44A3A1C4B6}.Debug|Any CPU.ActiveCfg = Debug|Any CPU
		{659C1F8C-248E-419B-AE5A-8E44A3A1C4B6}.Debug|Any CPU.Build.0 = Debug|Any CPU
		{659C1F8C-248E-419B-AE5A-8E44A3A1C4B6}.Release|Any CPU.ActiveCfg = Release|Any CPU
		{659C1F8C-248E-419B-AE5A-8E44A3A1C4B6}.Release|Any CPU.Build.0 = Release|Any CPU
		{F070BE8C-154D-4B1D-963B-3ABD01DFFD98}.Debug|Any CPU.ActiveCfg = Debug|Any CPU
		{F070BE8C-154D-4B1D-963B-3ABD01DFFD98}.Debug|Any CPU.Build.0 = Debug|Any CPU
		{F070BE8C-154D-4B1D-963B-3ABD01DFFD98}.Release|Any CPU.ActiveCfg = Release|Any CPU
		{F070BE8C-154D-4B1D-963B-3ABD01DFFD98}.Release|Any CPU.Build.0 = Release|Any CPU
		{04E3DA29-34C0-45E7-B824-72D5AF4FFBF8}.Debug|Any CPU.ActiveCfg = Debug|Any CPU
		{04E3DA29-34C0-45E7-B824-72D5AF4FFBF8}.Debug|Any CPU.Build.0 = Debug|Any CPU
		{04E3DA29-34C0-45E7-B824-72D5AF4FFBF8}.Release|Any CPU.ActiveCfg = Release|Any CPU
		{04E3DA29-34C0-45E7-B824-72D5AF4FFBF8}.Release|Any CPU.Build.0 = Release|Any CPU
		{0C5E4E7C-D36B-4595-A0CB-46E772018CD6}.Debug|Any CPU.ActiveCfg = Debug|Any CPU
		{0C5E4E7C-D36B-4595-A0CB-46E772018CD6}.Debug|Any CPU.Build.0 = Debug|Any CPU
		{0C5E4E7C-D36B-4595-A0CB-46E772018CD6}.Release|Any CPU.ActiveCfg = Release|Any CPU
		{0C5E4E7C-D36B-4595-A0CB-46E772018CD6}.Release|Any CPU.Build.0 = Release|Any CPU
		{CCBD72AB-FD29-42E1-A5CB-A68527A15093}.Debug|Any CPU.ActiveCfg = Debug|Any CPU
		{CCBD72AB-FD29-42E1-A5CB-A68527A15093}.Debug|Any CPU.Build.0 = Debug|Any CPU
		{CCBD72AB-FD29-42E1-A5CB-A68527A15093}.Release|Any CPU.ActiveCfg = Release|Any CPU
		{CCBD72AB-FD29-42E1-A5CB-A68527A15093}.Release|Any CPU.Build.0 = Release|Any CPU
		{DA2EB7A5-70C4-4310-AEB1-ED8C7B7FED57}.Debug|Any CPU.ActiveCfg = Debug|Any CPU
		{DA2EB7A5-70C4-4310-AEB1-ED8C7B7FED57}.Debug|Any CPU.Build.0 = Debug|Any CPU
		{DA2EB7A5-70C4-4310-AEB1-ED8C7B7FED57}.Release|Any CPU.ActiveCfg = Release|Any CPU
		{DA2EB7A5-70C4-4310-AEB1-ED8C7B7FED57}.Release|Any CPU.Build.0 = Release|Any CPU
		{62AB958F-B8B0-4AF4-873F-0EE4E36A4213}.Debug|Any CPU.ActiveCfg = Debug|Any CPU
		{62AB958F-B8B0-4AF4-873F-0EE4E36A4213}.Debug|Any CPU.Build.0 = Debug|Any CPU
		{62AB958F-B8B0-4AF4-873F-0EE4E36A4213}.Release|Any CPU.ActiveCfg = Release|Any CPU
		{62AB958F-B8B0-4AF4-873F-0EE4E36A4213}.Release|Any CPU.Build.0 = Release|Any CPU
		{51E35328-90EA-471E-8810-E11CEDD465B9}.Debug|Any CPU.ActiveCfg = Debug|Any CPU
		{51E35328-90EA-471E-8810-E11CEDD465B9}.Debug|Any CPU.Build.0 = Debug|Any CPU
		{51E35328-90EA-471E-8810-E11CEDD465B9}.Release|Any CPU.ActiveCfg = Release|Any CPU
		{51E35328-90EA-471E-8810-E11CEDD465B9}.Release|Any CPU.Build.0 = Release|Any CPU
		{112B1157-33F8-4239-BB29-63C18ECE050F}.Debug|Any CPU.ActiveCfg = Debug|Any CPU
		{112B1157-33F8-4239-BB29-63C18ECE050F}.Debug|Any CPU.Build.0 = Debug|Any CPU
		{112B1157-33F8-4239-BB29-63C18ECE050F}.Release|Any CPU.ActiveCfg = Release|Any CPU
		{112B1157-33F8-4239-BB29-63C18ECE050F}.Release|Any CPU.Build.0 = Release|Any CPU
		{66841FFA-42E0-4636-9917-E9284EE14644}.Debug|Any CPU.ActiveCfg = Debug|Any CPU
		{66841FFA-42E0-4636-9917-E9284EE14644}.Debug|Any CPU.Build.0 = Debug|Any CPU
		{66841FFA-42E0-4636-9917-E9284EE14644}.Release|Any CPU.ActiveCfg = Release|Any CPU
		{66841FFA-42E0-4636-9917-E9284EE14644}.Release|Any CPU.Build.0 = Release|Any CPU
		{0492F11C-F312-4B96-A651-C7AD8C4B3DCF}.Debug|Any CPU.ActiveCfg = Debug|Any CPU
		{0492F11C-F312-4B96-A651-C7AD8C4B3DCF}.Debug|Any CPU.Build.0 = Debug|Any CPU
		{0492F11C-F312-4B96-A651-C7AD8C4B3DCF}.Release|Any CPU.ActiveCfg = Release|Any CPU
		{0492F11C-F312-4B96-A651-C7AD8C4B3DCF}.Release|Any CPU.Build.0 = Release|Any CPU
		{9B1FE055-3C49-45A9-B3F9-DCF4202705FD}.Debug|Any CPU.ActiveCfg = Debug|Any CPU
		{9B1FE055-3C49-45A9-B3F9-DCF4202705FD}.Debug|Any CPU.Build.0 = Debug|Any CPU
		{9B1FE055-3C49-45A9-B3F9-DCF4202705FD}.Release|Any CPU.ActiveCfg = Release|Any CPU
		{9B1FE055-3C49-45A9-B3F9-DCF4202705FD}.Release|Any CPU.Build.0 = Release|Any CPU
		{09F2068C-E82D-4356-B35C-38B5D8A61353}.Debug|Any CPU.ActiveCfg = Debug|Any CPU
		{09F2068C-E82D-4356-B35C-38B5D8A61353}.Debug|Any CPU.Build.0 = Debug|Any CPU
		{09F2068C-E82D-4356-B35C-38B5D8A61353}.Release|Any CPU.ActiveCfg = Release|Any CPU
		{09F2068C-E82D-4356-B35C-38B5D8A61353}.Release|Any CPU.Build.0 = Release|Any CPU
		{F7AEBD67-89B0-4959-A252-606285EA92CF}.Debug|Any CPU.ActiveCfg = Debug|Any CPU
		{F7AEBD67-89B0-4959-A252-606285EA92CF}.Debug|Any CPU.Build.0 = Debug|Any CPU
		{F7AEBD67-89B0-4959-A252-606285EA92CF}.Release|Any CPU.ActiveCfg = Release|Any CPU
		{F7AEBD67-89B0-4959-A252-606285EA92CF}.Release|Any CPU.Build.0 = Release|Any CPU
	EndGlobalSection
	GlobalSection(SolutionProperties) = preSolution
		HideSolutionNode = FALSE
	EndGlobalSection
	GlobalSection(NestedProjects) = preSolution
		{F035A933-DA00-47C7-8654-E05483333526} = {A28BF416-B54B-41DC-BE46-17BD8ABE8F1E}
		{FFCC6DAE-6B70-4A7D-A031-F8C621A32930} = {3567295F-B137-42B9-9DF6-C23397831A7B}
		{3DCCC940-7358-41C3-B4B9-142780C0CC57} = {FFCC6DAE-6B70-4A7D-A031-F8C621A32930}
		{F25F3F9E-D310-4C49-9483-E0619C749F1D} = {4EF32ADA-858F-4197-A019-A5AF43FF5E78}
		{70295BAD-892F-4036-A0C3-FEAF8CFB6F59} = {F25F3F9E-D310-4C49-9483-E0619C749F1D}
		{C4C7629E-FE1C-4610-A742-259C40C2D436} = {F25F3F9E-D310-4C49-9483-E0619C749F1D}
		{9641972F-D690-4061-9BA1-746A88B441EE} = {A28BF416-B54B-41DC-BE46-17BD8ABE8F1E}
		{7810977C-C808-4893-B2FF-5940680A3375} = {9641972F-D690-4061-9BA1-746A88B441EE}
		{88F49D67-4A40-40B5-8F37-71DB1BAEBA61} = {7810977C-C808-4893-B2FF-5940680A3375}
		{A09BAB71-F869-48A0-B9D7-ED5ED99F9605} = {9641972F-D690-4061-9BA1-746A88B441EE}
		{D86EF430-BF03-4EF3-8C95-20D062338A1E} = {A09BAB71-F869-48A0-B9D7-ED5ED99F9605}
		{5C7F75A3-81AD-4A3B-AA75-EF03F52C5E27} = {9641972F-D690-4061-9BA1-746A88B441EE}
		{659C1F8C-248E-419B-AE5A-8E44A3A1C4B6} = {5C7F75A3-81AD-4A3B-AA75-EF03F52C5E27}
		{05B6CC7D-F027-4972-93FF-61151805B3BB} = {9641972F-D690-4061-9BA1-746A88B441EE}
		{F070BE8C-154D-4B1D-963B-3ABD01DFFD98} = {05B6CC7D-F027-4972-93FF-61151805B3BB}
		{809B8A92-2A41-414A-BF25-7F9E4CB4C06E} = {9641972F-D690-4061-9BA1-746A88B441EE}
		{04E3DA29-34C0-45E7-B824-72D5AF4FFBF8} = {809B8A92-2A41-414A-BF25-7F9E4CB4C06E}
		{7E77F11C-1E16-4000-A7EC-EE918A81D96B} = {9641972F-D690-4061-9BA1-746A88B441EE}
		{0C5E4E7C-D36B-4595-A0CB-46E772018CD6} = {7E77F11C-1E16-4000-A7EC-EE918A81D96B}
		{B5880D93-D2AA-42F1-9D93-52E75C7D146E} = {9641972F-D690-4061-9BA1-746A88B441EE}
		{CCBD72AB-FD29-42E1-A5CB-A68527A15093} = {B5880D93-D2AA-42F1-9D93-52E75C7D146E}
		{7B73076F-4C34-48D6-AA47-B0AF77E1B0FF} = {3567295F-B137-42B9-9DF6-C23397831A7B}
		{272E1441-A095-47E1-B108-38B30208D9E9} = {7B73076F-4C34-48D6-AA47-B0AF77E1B0FF}
		{DA2EB7A5-70C4-4310-AEB1-ED8C7B7FED57} = {272E1441-A095-47E1-B108-38B30208D9E9}
		{62AB958F-B8B0-4AF4-873F-0EE4E36A4213} = {272E1441-A095-47E1-B108-38B30208D9E9}
		{5BCE9099-6D48-48E2-9F41-ED73C25FADDE} = {7B73076F-4C34-48D6-AA47-B0AF77E1B0FF}
		{51E35328-90EA-471E-8810-E11CEDD465B9} = {5BCE9099-6D48-48E2-9F41-ED73C25FADDE}
		{112B1157-33F8-4239-BB29-63C18ECE050F} = {5BCE9099-6D48-48E2-9F41-ED73C25FADDE}
		{66841FFA-42E0-4636-9917-E9284EE14644} = {5BCE9099-6D48-48E2-9F41-ED73C25FADDE}
		{0492F11C-F312-4B96-A651-C7AD8C4B3DCF} = {5BCE9099-6D48-48E2-9F41-ED73C25FADDE}
		{9E2F96CC-1EB2-4408-8338-46C45D35CF5C} = {4EF32ADA-858F-4197-A019-A5AF43FF5E78}
		{9B17FA03-8E27-4C62-83BE-F53AB96030DA} = {9E2F96CC-1EB2-4408-8338-46C45D35CF5C}
		{9B1FE055-3C49-45A9-B3F9-DCF4202705FD} = {9B17FA03-8E27-4C62-83BE-F53AB96030DA}
		{09F2068C-E82D-4356-B35C-38B5D8A61353} = {9B17FA03-8E27-4C62-83BE-F53AB96030DA}
		{4DF3DA70-834D-497D-BFF7-678470CF7A92} = {4EF32ADA-858F-4197-A019-A5AF43FF5E78}
		{F7AEBD67-89B0-4959-A252-606285EA92CF} = {4DF3DA70-834D-497D-BFF7-678470CF7A92}
	EndGlobalSection
	GlobalSection(ExtensibilityGlobals) = postSolution
		SolutionGuid = {69ABCEE2-DEC8-4E9F-A83B-FEBB316DA958}
	EndGlobalSection
EndGlobal
