
Microsoft Visual Studio Solution File, Format Version 12.00
# Visual Studio Version 17
VisualStudioVersion = 17.5.002.0
MinimumVisualStudioVersion = 10.0.40219.1
Project("{2150E333-8FDC-42A3-9474-1A3956D46DE8}") = "Semana1", "Semana1", "{01CF7B19-40A0-4AEA-A3D6-1D31C1626075}"
EndProject
Project("{9A19103F-16F7-4668-BE54-9A1E7A4F7556}") = "apptest", "Semana1\apptest\apptest.csproj", "{43DA30C0-A88D-4B09-94E9-8B60CD9639A5}"
EndProject
Project("{2150E333-8FDC-42A3-9474-1A3956D46DE8}") = "Semana2", "Semana2", "{7DD5DAF1-7E9C-44DC-A363-EE1403F2A754}"
EndProject
Project("{2150E333-8FDC-42A3-9474-1A3956D46DE8}") = "attsAula", "attsAula", "{8C8F1D2E-7443-4AA1-8557-E3C6410C2B3E}"
EndProject
Project("{2150E333-8FDC-42A3-9474-1A3956D46DE8}") = "Exemplos", "Exemplos", "{E98424FE-CD17-4B1C-9489-E4C6B1C3F2FE}"
EndProject
Project("{9A19103F-16F7-4668-BE54-9A1E7A4F7556}") = "ExemploData", "Semana2\attsAula\Exemplos\ExemploData\ExemploData.csproj", "{DDF3F83C-02C5-4E8C-B29E-B541CB4E7501}"
EndProject
Project("{9A19103F-16F7-4668-BE54-9A1E7A4F7556}") = "ExemploLista", "Semana2\attsAula\Exemplos\ExemploLista\ExemploLista.csproj", "{9DFA0DA7-3F62-4F35-AF5A-BF6286B39560}"
EndProject
Project("{2150E333-8FDC-42A3-9474-1A3956D46DE8}") = "Exercicio1", "Exercicio1", "{93504F37-37BD-4364-9D60-7C17BEAF4C66}"
EndProject
Project("{9A19103F-16F7-4668-BE54-9A1E7A4F7556}") = "exe1", "Semana2\attsAula\Exercicio1\exe1\exe1.csproj", "{7806216B-3F28-48AD-936A-6A4A33E01B33}"
EndProject
Project("{9A19103F-16F7-4668-BE54-9A1E7A4F7556}") = "exe2", "Semana2\attsAula\Exercicio1\exe2\exe2.csproj", "{B668E76E-6E14-43B0-8470-6D54FAD747C2}"
EndProject
Project("{9A19103F-16F7-4668-BE54-9A1E7A4F7556}") = "exe3", "Semana2\attsAula\Exercicio1\exe3\exe3.csproj", "{A963D97B-5BCD-40B7-A0BF-B464126923D2}"
EndProject
Project("{9A19103F-16F7-4668-BE54-9A1E7A4F7556}") = "exe4", "Semana2\attsAula\Exercicio1\exe4\exe4.csproj", "{98F38DCD-FBE8-49AB-9660-6594F69B4485}"
EndProject
Project("{2150E333-8FDC-42A3-9474-1A3956D46DE8}") = "IP-dotNET-P01", "IP-dotNET-P01", "{526E9E67-401D-43A4-A78F-1B8A295CFD11}"
EndProject
Project("{2150E333-8FDC-42A3-9474-1A3956D46DE8}") = "02", "02", "{8A9E8F86-E5F3-45A8-B23F-0266915CCE95}"
EndProject
Project("{FAE04EC0-301F-11D3-BF4B-00C04F79EFBC}") = "exe1", "Semana1\IP-dotNET-P01\02\exe1\exe1.csproj", "{76603EB6-E837-49DD-914C-34F10D20E6ED}"
EndProject
Project("{2150E333-8FDC-42A3-9474-1A3956D46DE8}") = "03", "03", "{AF3A036B-F50E-4FB8-A77A-2EACD87AC561}"
EndProject
Project("{FAE04EC0-301F-11D3-BF4B-00C04F79EFBC}") = "exe3", "Semana1\IP-dotNET-P01\03\exe3\exe3.csproj", "{F950483B-C914-40B2-99BB-3675AD049E67}"
EndProject
Project("{2150E333-8FDC-42A3-9474-1A3956D46DE8}") = "04", "04", "{87621FCA-69D5-48A0-9C2A-1B67E641D2B2}"
EndProject
Project("{FAE04EC0-301F-11D3-BF4B-00C04F79EFBC}") = "exe4", "Semana1\IP-dotNET-P01\04\exe4\exe4.csproj", "{7F89BE08-1901-45BD-8D4F-A8269F15CF01}"
EndProject
Project("{2150E333-8FDC-42A3-9474-1A3956D46DE8}") = "05", "05", "{F490C5A9-8D35-4EC4-A9BC-D3E2A4DC3F87}"
EndProject
Project("{FAE04EC0-301F-11D3-BF4B-00C04F79EFBC}") = "exe5", "Semana1\IP-dotNET-P01\05\exe5\exe5.csproj", "{A1B21C64-E23B-4803-8F85-3B0872BAC03A}"
EndProject
Project("{2150E333-8FDC-42A3-9474-1A3956D46DE8}") = "06", "06", "{63F4666E-53F7-44C2-A30E-8F8256F6DB04}"
EndProject
Project("{FAE04EC0-301F-11D3-BF4B-00C04F79EFBC}") = "exe6", "Semana1\IP-dotNET-P01\06\exe6\exe6.csproj", "{FC4A0113-FD35-4DCC-8B3B-CE695B605ABA}"
EndProject
Project("{2150E333-8FDC-42A3-9474-1A3956D46DE8}") = "07", "07", "{35472B8B-4430-4674-B318-DA6266B47E68}"
EndProject
Project("{FAE04EC0-301F-11D3-BF4B-00C04F79EFBC}") = "exe7", "Semana1\IP-dotNET-P01\07\exe7\exe7.csproj", "{8EC2B48A-309B-40FF-9AE3-2904D58DC936}"
EndProject
Project("{2150E333-8FDC-42A3-9474-1A3956D46DE8}") = "08", "08", "{D986A424-ABA3-4FB9-AA73-87C9E91D665B}"
EndProject
Project("{FAE04EC0-301F-11D3-BF4B-00C04F79EFBC}") = "exe8", "Semana1\IP-dotNET-P01\08\exe8\exe8.csproj", "{4E09A166-057E-4AA2-97D6-9C7FBFFB74A1}"
EndProject
Project("{2150E333-8FDC-42A3-9474-1A3956D46DE8}") = "IP-dotNET-P02", "IP-dotNET-P02", "{16BCF697-707D-443A-B99B-B0CFDF6561B8}"
EndProject
Project("{FAE04EC0-301F-11D3-BF4B-00C04F79EFBC}") = "gerenciadorTarefas", "Semana2\IP-dotNET-P02\gerenciadorTarefas\gerenciadorTarefas.csproj", "{B28FAFDF-EF4E-4168-BFE8-83D41A5854C1}"
EndProject
Global
	GlobalSection(SolutionConfigurationPlatforms) = preSolution
		Debug|Any CPU = Debug|Any CPU
		Release|Any CPU = Release|Any CPU
	EndGlobalSection
	GlobalSection(ProjectConfigurationPlatforms) = postSolution
		{43DA30C0-A88D-4B09-94E9-8B60CD9639A5}.Debug|Any CPU.ActiveCfg = Debug|Any CPU
		{43DA30C0-A88D-4B09-94E9-8B60CD9639A5}.Debug|Any CPU.Build.0 = Debug|Any CPU
		{43DA30C0-A88D-4B09-94E9-8B60CD9639A5}.Release|Any CPU.ActiveCfg = Release|Any CPU
		{43DA30C0-A88D-4B09-94E9-8B60CD9639A5}.Release|Any CPU.Build.0 = Release|Any CPU
		{DDF3F83C-02C5-4E8C-B29E-B541CB4E7501}.Debug|Any CPU.ActiveCfg = Debug|Any CPU
		{DDF3F83C-02C5-4E8C-B29E-B541CB4E7501}.Debug|Any CPU.Build.0 = Debug|Any CPU
		{DDF3F83C-02C5-4E8C-B29E-B541CB4E7501}.Release|Any CPU.ActiveCfg = Release|Any CPU
		{DDF3F83C-02C5-4E8C-B29E-B541CB4E7501}.Release|Any CPU.Build.0 = Release|Any CPU
		{9DFA0DA7-3F62-4F35-AF5A-BF6286B39560}.Debug|Any CPU.ActiveCfg = Debug|Any CPU
		{9DFA0DA7-3F62-4F35-AF5A-BF6286B39560}.Debug|Any CPU.Build.0 = Debug|Any CPU
		{9DFA0DA7-3F62-4F35-AF5A-BF6286B39560}.Release|Any CPU.ActiveCfg = Release|Any CPU
		{9DFA0DA7-3F62-4F35-AF5A-BF6286B39560}.Release|Any CPU.Build.0 = Release|Any CPU
		{7806216B-3F28-48AD-936A-6A4A33E01B33}.Debug|Any CPU.ActiveCfg = Debug|Any CPU
		{7806216B-3F28-48AD-936A-6A4A33E01B33}.Debug|Any CPU.Build.0 = Debug|Any CPU
		{7806216B-3F28-48AD-936A-6A4A33E01B33}.Release|Any CPU.ActiveCfg = Release|Any CPU
		{7806216B-3F28-48AD-936A-6A4A33E01B33}.Release|Any CPU.Build.0 = Release|Any CPU
		{B668E76E-6E14-43B0-8470-6D54FAD747C2}.Debug|Any CPU.ActiveCfg = Debug|Any CPU
		{B668E76E-6E14-43B0-8470-6D54FAD747C2}.Debug|Any CPU.Build.0 = Debug|Any CPU
		{B668E76E-6E14-43B0-8470-6D54FAD747C2}.Release|Any CPU.ActiveCfg = Release|Any CPU
		{B668E76E-6E14-43B0-8470-6D54FAD747C2}.Release|Any CPU.Build.0 = Release|Any CPU
		{A963D97B-5BCD-40B7-A0BF-B464126923D2}.Debug|Any CPU.ActiveCfg = Debug|Any CPU
		{A963D97B-5BCD-40B7-A0BF-B464126923D2}.Debug|Any CPU.Build.0 = Debug|Any CPU
		{A963D97B-5BCD-40B7-A0BF-B464126923D2}.Release|Any CPU.ActiveCfg = Release|Any CPU
		{A963D97B-5BCD-40B7-A0BF-B464126923D2}.Release|Any CPU.Build.0 = Release|Any CPU
		{98F38DCD-FBE8-49AB-9660-6594F69B4485}.Debug|Any CPU.ActiveCfg = Debug|Any CPU
		{98F38DCD-FBE8-49AB-9660-6594F69B4485}.Debug|Any CPU.Build.0 = Debug|Any CPU
		{98F38DCD-FBE8-49AB-9660-6594F69B4485}.Release|Any CPU.ActiveCfg = Release|Any CPU
		{98F38DCD-FBE8-49AB-9660-6594F69B4485}.Release|Any CPU.Build.0 = Release|Any CPU
		{76603EB6-E837-49DD-914C-34F10D20E6ED}.Debug|Any CPU.ActiveCfg = Debug|Any CPU
		{76603EB6-E837-49DD-914C-34F10D20E6ED}.Debug|Any CPU.Build.0 = Debug|Any CPU
		{76603EB6-E837-49DD-914C-34F10D20E6ED}.Release|Any CPU.ActiveCfg = Release|Any CPU
		{76603EB6-E837-49DD-914C-34F10D20E6ED}.Release|Any CPU.Build.0 = Release|Any CPU
		{F950483B-C914-40B2-99BB-3675AD049E67}.Debug|Any CPU.ActiveCfg = Debug|Any CPU
		{F950483B-C914-40B2-99BB-3675AD049E67}.Debug|Any CPU.Build.0 = Debug|Any CPU
		{F950483B-C914-40B2-99BB-3675AD049E67}.Release|Any CPU.ActiveCfg = Release|Any CPU
		{F950483B-C914-40B2-99BB-3675AD049E67}.Release|Any CPU.Build.0 = Release|Any CPU
		{7F89BE08-1901-45BD-8D4F-A8269F15CF01}.Debug|Any CPU.ActiveCfg = Debug|Any CPU
		{7F89BE08-1901-45BD-8D4F-A8269F15CF01}.Debug|Any CPU.Build.0 = Debug|Any CPU
		{7F89BE08-1901-45BD-8D4F-A8269F15CF01}.Release|Any CPU.ActiveCfg = Release|Any CPU
		{7F89BE08-1901-45BD-8D4F-A8269F15CF01}.Release|Any CPU.Build.0 = Release|Any CPU
		{A1B21C64-E23B-4803-8F85-3B0872BAC03A}.Debug|Any CPU.ActiveCfg = Debug|Any CPU
		{A1B21C64-E23B-4803-8F85-3B0872BAC03A}.Debug|Any CPU.Build.0 = Debug|Any CPU
		{A1B21C64-E23B-4803-8F85-3B0872BAC03A}.Release|Any CPU.ActiveCfg = Release|Any CPU
		{A1B21C64-E23B-4803-8F85-3B0872BAC03A}.Release|Any CPU.Build.0 = Release|Any CPU
		{FC4A0113-FD35-4DCC-8B3B-CE695B605ABA}.Debug|Any CPU.ActiveCfg = Debug|Any CPU
		{FC4A0113-FD35-4DCC-8B3B-CE695B605ABA}.Debug|Any CPU.Build.0 = Debug|Any CPU
		{FC4A0113-FD35-4DCC-8B3B-CE695B605ABA}.Release|Any CPU.ActiveCfg = Release|Any CPU
		{FC4A0113-FD35-4DCC-8B3B-CE695B605ABA}.Release|Any CPU.Build.0 = Release|Any CPU
		{8EC2B48A-309B-40FF-9AE3-2904D58DC936}.Debug|Any CPU.ActiveCfg = Debug|Any CPU
		{8EC2B48A-309B-40FF-9AE3-2904D58DC936}.Debug|Any CPU.Build.0 = Debug|Any CPU
		{8EC2B48A-309B-40FF-9AE3-2904D58DC936}.Release|Any CPU.ActiveCfg = Release|Any CPU
		{8EC2B48A-309B-40FF-9AE3-2904D58DC936}.Release|Any CPU.Build.0 = Release|Any CPU
		{4E09A166-057E-4AA2-97D6-9C7FBFFB74A1}.Debug|Any CPU.ActiveCfg = Debug|Any CPU
		{4E09A166-057E-4AA2-97D6-9C7FBFFB74A1}.Debug|Any CPU.Build.0 = Debug|Any CPU
		{4E09A166-057E-4AA2-97D6-9C7FBFFB74A1}.Release|Any CPU.ActiveCfg = Release|Any CPU
		{4E09A166-057E-4AA2-97D6-9C7FBFFB74A1}.Release|Any CPU.Build.0 = Release|Any CPU
		{B28FAFDF-EF4E-4168-BFE8-83D41A5854C1}.Debug|Any CPU.ActiveCfg = Debug|Any CPU
		{B28FAFDF-EF4E-4168-BFE8-83D41A5854C1}.Debug|Any CPU.Build.0 = Debug|Any CPU
		{B28FAFDF-EF4E-4168-BFE8-83D41A5854C1}.Release|Any CPU.ActiveCfg = Release|Any CPU
		{B28FAFDF-EF4E-4168-BFE8-83D41A5854C1}.Release|Any CPU.Build.0 = Release|Any CPU
	EndGlobalSection
	GlobalSection(SolutionProperties) = preSolution
		HideSolutionNode = FALSE
	EndGlobalSection
	GlobalSection(NestedProjects) = preSolution
		{43DA30C0-A88D-4B09-94E9-8B60CD9639A5} = {01CF7B19-40A0-4AEA-A3D6-1D31C1626075}
		{8C8F1D2E-7443-4AA1-8557-E3C6410C2B3E} = {7DD5DAF1-7E9C-44DC-A363-EE1403F2A754}
		{E98424FE-CD17-4B1C-9489-E4C6B1C3F2FE} = {8C8F1D2E-7443-4AA1-8557-E3C6410C2B3E}
		{DDF3F83C-02C5-4E8C-B29E-B541CB4E7501} = {E98424FE-CD17-4B1C-9489-E4C6B1C3F2FE}
		{9DFA0DA7-3F62-4F35-AF5A-BF6286B39560} = {E98424FE-CD17-4B1C-9489-E4C6B1C3F2FE}
		{93504F37-37BD-4364-9D60-7C17BEAF4C66} = {8C8F1D2E-7443-4AA1-8557-E3C6410C2B3E}
		{7806216B-3F28-48AD-936A-6A4A33E01B33} = {93504F37-37BD-4364-9D60-7C17BEAF4C66}
		{B668E76E-6E14-43B0-8470-6D54FAD747C2} = {93504F37-37BD-4364-9D60-7C17BEAF4C66}
		{A963D97B-5BCD-40B7-A0BF-B464126923D2} = {93504F37-37BD-4364-9D60-7C17BEAF4C66}
		{98F38DCD-FBE8-49AB-9660-6594F69B4485} = {93504F37-37BD-4364-9D60-7C17BEAF4C66}
		{526E9E67-401D-43A4-A78F-1B8A295CFD11} = {01CF7B19-40A0-4AEA-A3D6-1D31C1626075}
		{8A9E8F86-E5F3-45A8-B23F-0266915CCE95} = {526E9E67-401D-43A4-A78F-1B8A295CFD11}
		{76603EB6-E837-49DD-914C-34F10D20E6ED} = {8A9E8F86-E5F3-45A8-B23F-0266915CCE95}
		{AF3A036B-F50E-4FB8-A77A-2EACD87AC561} = {526E9E67-401D-43A4-A78F-1B8A295CFD11}
		{F950483B-C914-40B2-99BB-3675AD049E67} = {AF3A036B-F50E-4FB8-A77A-2EACD87AC561}
		{87621FCA-69D5-48A0-9C2A-1B67E641D2B2} = {526E9E67-401D-43A4-A78F-1B8A295CFD11}
		{7F89BE08-1901-45BD-8D4F-A8269F15CF01} = {87621FCA-69D5-48A0-9C2A-1B67E641D2B2}
		{F490C5A9-8D35-4EC4-A9BC-D3E2A4DC3F87} = {526E9E67-401D-43A4-A78F-1B8A295CFD11}
		{A1B21C64-E23B-4803-8F85-3B0872BAC03A} = {F490C5A9-8D35-4EC4-A9BC-D3E2A4DC3F87}
		{63F4666E-53F7-44C2-A30E-8F8256F6DB04} = {526E9E67-401D-43A4-A78F-1B8A295CFD11}
		{FC4A0113-FD35-4DCC-8B3B-CE695B605ABA} = {63F4666E-53F7-44C2-A30E-8F8256F6DB04}
		{35472B8B-4430-4674-B318-DA6266B47E68} = {526E9E67-401D-43A4-A78F-1B8A295CFD11}
		{8EC2B48A-309B-40FF-9AE3-2904D58DC936} = {35472B8B-4430-4674-B318-DA6266B47E68}
		{D986A424-ABA3-4FB9-AA73-87C9E91D665B} = {526E9E67-401D-43A4-A78F-1B8A295CFD11}
		{4E09A166-057E-4AA2-97D6-9C7FBFFB74A1} = {D986A424-ABA3-4FB9-AA73-87C9E91D665B}
		{16BCF697-707D-443A-B99B-B0CFDF6561B8} = {7DD5DAF1-7E9C-44DC-A363-EE1403F2A754}
		{B28FAFDF-EF4E-4168-BFE8-83D41A5854C1} = {16BCF697-707D-443A-B99B-B0CFDF6561B8}
	EndGlobalSection
	GlobalSection(ExtensibilityGlobals) = postSolution
		SolutionGuid = {62C57179-5B1C-4FDE-A61C-A567A2FA97E9}
	EndGlobalSection
EndGlobal
