
Microsoft Visual Studio Solution File, Format Version 12.00
# Visual Studio Version 17
VisualStudioVersion = 17.5.002.0
MinimumVisualStudioVersion = 10.0.40219.1
Project("{2150E333-8FDC-42A3-9474-1A3956D46DE8}") = "Semana1", "Semana1", "{1F2D94CB-6306-4EDC-97C5-BECB2AD5E2C1}"
EndProject
Project("{9A19103F-16F7-4668-BE54-9A1E7A4F7556}") = "apptest", "Semana1\apptest\apptest.csproj", "{BDCBB9AA-867B-492D-8603-22177868A1E1}"
EndProject
Project("{2150E333-8FDC-42A3-9474-1A3956D46DE8}") = "Semana2", "Semana2", "{C7E724C1-B161-4884-B229-C9A4D07AD390}"
EndProject
Project("{2150E333-8FDC-42A3-9474-1A3956D46DE8}") = "attsAula", "attsAula", "{B9A71FA3-5AE9-4C95-8F05-620A4CD4EDE1}"
EndProject
Project("{2150E333-8FDC-42A3-9474-1A3956D46DE8}") = "Exercicio1", "Exercicio1", "{776F68A6-6549-4EB9-8EC8-6BD97B13BFB1}"
EndProject
Project("{FAE04EC0-301F-11D3-BF4B-00C04F79EFBC}") = "exe1", "Semana2\attsAula\Exercicio1\exe1\exe1.csproj", "{1108A91D-A0FF-4797-B72D-7015E4380947}"
EndProject
Project("{FAE04EC0-301F-11D3-BF4B-00C04F79EFBC}") = "exe2", "Semana2\attsAula\Exercicio1\exe2\exe2.csproj", "{18A49D25-AD73-4F47-AF47-445E6320FA14}"
EndProject
Project("{FAE04EC0-301F-11D3-BF4B-00C04F79EFBC}") = "exe3", "Semana2\attsAula\Exercicio1\exe3\exe3.csproj", "{8142ED1B-A6FF-4BEE-958A-0B8454EC307B}"
EndProject
Project("{2150E333-8FDC-42A3-9474-1A3956D46DE8}") = "Exercicio2", "Exercicio2", "{9C24C500-9E22-4F3E-8BEA-77766B10D552}"
EndProject
Project("{FAE04EC0-301F-11D3-BF4B-00C04F79EFBC}") = "exe4", "Semana2\attsAula\Exercicio1\exe4\exe4.csproj", "{773A6646-BF8C-40E6-BE41-A810DCA96C66}"
EndProject
Project("{2150E333-8FDC-42A3-9474-1A3956D46DE8}") = "Exemplos", "Exemplos", "{44F53D34-DEA8-45C3-8BCA-7CD3C34C7C93}"
EndProject
Project("{FAE04EC0-301F-11D3-BF4B-00C04F79EFBC}") = "ExemploLista", "Semana2\attsAula\Exemplos\ExemploLista\ExemploLista.csproj", "{CCC21B5B-16BF-4233-A190-E1E3E979563E}"
EndProject
Project("{FAE04EC0-301F-11D3-BF4B-00C04F79EFBC}") = "ExemploData", "Semana2\attsAula\Exemplos\ExemploData\ExemploData.csproj", "{32719331-4CB3-4F89-96E9-F2923476531D}"
EndProject
Global
	GlobalSection(SolutionConfigurationPlatforms) = preSolution
		Debug|Any CPU = Debug|Any CPU
		Release|Any CPU = Release|Any CPU
	EndGlobalSection
	GlobalSection(ProjectConfigurationPlatforms) = postSolution
		{BDCBB9AA-867B-492D-8603-22177868A1E1}.Debug|Any CPU.ActiveCfg = Debug|Any CPU
		{BDCBB9AA-867B-492D-8603-22177868A1E1}.Debug|Any CPU.Build.0 = Debug|Any CPU
		{BDCBB9AA-867B-492D-8603-22177868A1E1}.Release|Any CPU.ActiveCfg = Release|Any CPU
		{BDCBB9AA-867B-492D-8603-22177868A1E1}.Release|Any CPU.Build.0 = Release|Any CPU
		{1108A91D-A0FF-4797-B72D-7015E4380947}.Debug|Any CPU.ActiveCfg = Debug|Any CPU
		{1108A91D-A0FF-4797-B72D-7015E4380947}.Debug|Any CPU.Build.0 = Debug|Any CPU
		{1108A91D-A0FF-4797-B72D-7015E4380947}.Release|Any CPU.ActiveCfg = Release|Any CPU
		{1108A91D-A0FF-4797-B72D-7015E4380947}.Release|Any CPU.Build.0 = Release|Any CPU
		{18A49D25-AD73-4F47-AF47-445E6320FA14}.Debug|Any CPU.ActiveCfg = Debug|Any CPU
		{18A49D25-AD73-4F47-AF47-445E6320FA14}.Debug|Any CPU.Build.0 = Debug|Any CPU
		{18A49D25-AD73-4F47-AF47-445E6320FA14}.Release|Any CPU.ActiveCfg = Release|Any CPU
		{18A49D25-AD73-4F47-AF47-445E6320FA14}.Release|Any CPU.Build.0 = Release|Any CPU
		{8142ED1B-A6FF-4BEE-958A-0B8454EC307B}.Debug|Any CPU.ActiveCfg = Debug|Any CPU
		{8142ED1B-A6FF-4BEE-958A-0B8454EC307B}.Debug|Any CPU.Build.0 = Debug|Any CPU
		{8142ED1B-A6FF-4BEE-958A-0B8454EC307B}.Release|Any CPU.ActiveCfg = Release|Any CPU
		{8142ED1B-A6FF-4BEE-958A-0B8454EC307B}.Release|Any CPU.Build.0 = Release|Any CPU
		{773A6646-BF8C-40E6-BE41-A810DCA96C66}.Debug|Any CPU.ActiveCfg = Debug|Any CPU
		{773A6646-BF8C-40E6-BE41-A810DCA96C66}.Debug|Any CPU.Build.0 = Debug|Any CPU
		{773A6646-BF8C-40E6-BE41-A810DCA96C66}.Release|Any CPU.ActiveCfg = Release|Any CPU
		{773A6646-BF8C-40E6-BE41-A810DCA96C66}.Release|Any CPU.Build.0 = Release|Any CPU
		{CCC21B5B-16BF-4233-A190-E1E3E979563E}.Debug|Any CPU.ActiveCfg = Debug|Any CPU
		{CCC21B5B-16BF-4233-A190-E1E3E979563E}.Debug|Any CPU.Build.0 = Debug|Any CPU
		{CCC21B5B-16BF-4233-A190-E1E3E979563E}.Release|Any CPU.ActiveCfg = Release|Any CPU
		{CCC21B5B-16BF-4233-A190-E1E3E979563E}.Release|Any CPU.Build.0 = Release|Any CPU
		{32719331-4CB3-4F89-96E9-F2923476531D}.Debug|Any CPU.ActiveCfg = Debug|Any CPU
		{32719331-4CB3-4F89-96E9-F2923476531D}.Debug|Any CPU.Build.0 = Debug|Any CPU
		{32719331-4CB3-4F89-96E9-F2923476531D}.Release|Any CPU.ActiveCfg = Release|Any CPU
		{32719331-4CB3-4F89-96E9-F2923476531D}.Release|Any CPU.Build.0 = Release|Any CPU
	EndGlobalSection
	GlobalSection(SolutionProperties) = preSolution
		HideSolutionNode = FALSE
	EndGlobalSection
	GlobalSection(NestedProjects) = preSolution
		{BDCBB9AA-867B-492D-8603-22177868A1E1} = {1F2D94CB-6306-4EDC-97C5-BECB2AD5E2C1}
		{B9A71FA3-5AE9-4C95-8F05-620A4CD4EDE1} = {C7E724C1-B161-4884-B229-C9A4D07AD390}
		{776F68A6-6549-4EB9-8EC8-6BD97B13BFB1} = {B9A71FA3-5AE9-4C95-8F05-620A4CD4EDE1}
		{1108A91D-A0FF-4797-B72D-7015E4380947} = {776F68A6-6549-4EB9-8EC8-6BD97B13BFB1}
		{18A49D25-AD73-4F47-AF47-445E6320FA14} = {776F68A6-6549-4EB9-8EC8-6BD97B13BFB1}
		{8142ED1B-A6FF-4BEE-958A-0B8454EC307B} = {776F68A6-6549-4EB9-8EC8-6BD97B13BFB1}
		{9C24C500-9E22-4F3E-8BEA-77766B10D552} = {B9A71FA3-5AE9-4C95-8F05-620A4CD4EDE1}
		{773A6646-BF8C-40E6-BE41-A810DCA96C66} = {776F68A6-6549-4EB9-8EC8-6BD97B13BFB1}
		{44F53D34-DEA8-45C3-8BCA-7CD3C34C7C93} = {B9A71FA3-5AE9-4C95-8F05-620A4CD4EDE1}
		{CCC21B5B-16BF-4233-A190-E1E3E979563E} = {44F53D34-DEA8-45C3-8BCA-7CD3C34C7C93}
		{32719331-4CB3-4F89-96E9-F2923476531D} = {44F53D34-DEA8-45C3-8BCA-7CD3C34C7C93}
	EndGlobalSection
	GlobalSection(ExtensibilityGlobals) = postSolution
		SolutionGuid = {8BE16690-D713-4A52-A8DD-EE13B2C8D71F}
	EndGlobalSection
EndGlobal
