
Microsoft Visual Studio Solution File, Format Version 12.00
# Visual Studio Version 17
VisualStudioVersion = 17.5.002.0
MinimumVisualStudioVersion = 10.0.40219.1
Project("{2150E333-8FDC-42A3-9474-1A3956D46DE8}") = "Semana1", "Semana1", "{4A42A7AD-027F-4DD7-8EE2-FE337910DC55}"
EndProject
Project("{9A19103F-16F7-4668-BE54-9A1E7A4F7556}") = "apptest", "Semana1\apptest\apptest.csproj", "{F29EA93B-56F8-4D5D-9E30-C36889A73740}"
EndProject
Project("{2150E333-8FDC-42A3-9474-1A3956D46DE8}") = "Semana2", "Semana2", "{D99C7C5C-C9E2-4E5E-A3B5-123875A5F735}"
EndProject
Project("{2150E333-8FDC-42A3-9474-1A3956D46DE8}") = "IP-dotNET-P02", "IP-dotNET-P02", "{01819E13-60CA-42F5-8C63-448BF305468B}"
EndProject
Project("{9A19103F-16F7-4668-BE54-9A1E7A4F7556}") = "gerenciadorTarefas", "Semana2\IP-dotNET-P02\gerenciadorTarefas\gerenciadorTarefas.csproj", "{BBD38A43-4AB0-45A9-8773-78074014E876}"
EndProject
Project("{2150E333-8FDC-42A3-9474-1A3956D46DE8}") = "Semana3", "Semana3", "{E7FC6699-1540-45AD-AF27-E898B936D591}"
EndProject
Project("{2150E333-8FDC-42A3-9474-1A3956D46DE8}") = "attsAula", "attsAula", "{D01C7543-3C5C-4A3A-8477-BCFE953E8C58}"
EndProject
Project("{9A19103F-16F7-4668-BE54-9A1E7A4F7556}") = "Pratica1", "Semana3\attsAula\Pratica1\Pratica1.csproj", "{160FECA2-EF9A-41BF-BCB3-8451A289ABBA}"
EndProject
Project("{2150E333-8FDC-42A3-9474-1A3956D46DE8}") = "Exemplos", "Exemplos", "{00A142FE-1BE3-437F-9DDF-B7A80361AA6E}"
EndProject
Project("{9A19103F-16F7-4668-BE54-9A1E7A4F7556}") = "exemplo1", "Semana3\Exemplos\exemplo1\exemplo1.csproj", "{FF4DF722-734E-4AE6-8F7E-CC0A856B6143}"
EndProject
Project("{9A19103F-16F7-4668-BE54-9A1E7A4F7556}") = "Exemplo2", "Semana3\Exemplos\Exemplo2\Exemplo2.csproj", "{0B9DACE5-1FD6-48D7-8406-845933B5376E}"
EndProject
Project("{2150E333-8FDC-42A3-9474-1A3956D46DE8}") = "IP-dotNET-P01", "IP-dotNET-P01", "{C65B1857-D075-4906-A42F-8ED7FE56173E}"
EndProject
Project("{2150E333-8FDC-42A3-9474-1A3956D46DE8}") = "07", "07", "{BE6BF15C-32DA-47BC-BFAA-0E762A6C51A3}"
EndProject
Project("{9A19103F-16F7-4668-BE54-9A1E7A4F7556}") = "exe7", "Semana1\IP-dotNET-P01\07\exe7\exe7.csproj", "{F6168D97-BB9C-4FCB-807C-5F1466283DF8}"
EndProject
Project("{2150E333-8FDC-42A3-9474-1A3956D46DE8}") = "02", "02", "{B850D3FC-A593-4E9A-B88B-E212A3511515}"
EndProject
Project("{9A19103F-16F7-4668-BE54-9A1E7A4F7556}") = "exe1", "Semana1\IP-dotNET-P01\02\exe1\exe1.csproj", "{D0C6A628-431E-4019-9653-3C2F50EC2127}"
EndProject
Project("{2150E333-8FDC-42A3-9474-1A3956D46DE8}") = "08", "08", "{0D474D6B-7C3D-493F-A295-D87563444762}"
EndProject
Project("{9A19103F-16F7-4668-BE54-9A1E7A4F7556}") = "exe8", "Semana1\IP-dotNET-P01\08\exe8\exe8.csproj", "{0F4514F2-2152-446C-BC06-B964126CED9A}"
EndProject
Project("{2150E333-8FDC-42A3-9474-1A3956D46DE8}") = "04", "04", "{E4D5B580-39E1-44FD-9B14-D32AF6AC069A}"
EndProject
Project("{9A19103F-16F7-4668-BE54-9A1E7A4F7556}") = "exe4", "Semana1\IP-dotNET-P01\04\exe4\exe4.csproj", "{59305758-5E39-479B-B773-29F47AABA316}"
EndProject
Project("{2150E333-8FDC-42A3-9474-1A3956D46DE8}") = "05", "05", "{713512D3-8F57-4989-8B20-C29B8C84A6D9}"
EndProject
Project("{9A19103F-16F7-4668-BE54-9A1E7A4F7556}") = "exe5", "Semana1\IP-dotNET-P01\05\exe5\exe5.csproj", "{E2F10127-80A6-453C-863C-53C089550078}"
EndProject
Project("{2150E333-8FDC-42A3-9474-1A3956D46DE8}") = "06", "06", "{645FE107-9091-4CFC-B290-A75779FE4459}"
EndProject
Project("{9A19103F-16F7-4668-BE54-9A1E7A4F7556}") = "exe6", "Semana1\IP-dotNET-P01\06\exe6\exe6.csproj", "{5AAA545B-AEE0-4A26-8E91-08E99DA796C9}"
EndProject
Project("{2150E333-8FDC-42A3-9474-1A3956D46DE8}") = "03", "03", "{E889B186-342F-4955-90F9-41349ECA56C7}"
EndProject
Project("{9A19103F-16F7-4668-BE54-9A1E7A4F7556}") = "exe3", "Semana1\IP-dotNET-P01\03\exe3\exe3.csproj", "{8C32F922-E181-4A02-93E5-93F3EEB3F4A4}"
EndProject
Project("{2150E333-8FDC-42A3-9474-1A3956D46DE8}") = "attsAula", "attsAula", "{64DF6CC9-4A8B-4C1B-BE96-E1CD46F5BB7B}"
EndProject
Project("{2150E333-8FDC-42A3-9474-1A3956D46DE8}") = "Exercicio1", "Exercicio1", "{EB60371A-06E9-43E9-A2CA-2493F7AEAA94}"
EndProject
Project("{9A19103F-16F7-4668-BE54-9A1E7A4F7556}") = "exe2", "Semana2\attsAula\Exercicio1\exe2\exe2.csproj", "{303483B2-4B1A-45DC-8CE6-C67097A1E77C}"
EndProject
Project("{9A19103F-16F7-4668-BE54-9A1E7A4F7556}") = "exe1", "Semana2\attsAula\Exercicio1\exe1\exe1.csproj", "{10E86DF7-DA3F-48B5-93AE-1E30E1F51108}"
EndProject
Project("{9A19103F-16F7-4668-BE54-9A1E7A4F7556}") = "exe3", "Semana2\attsAula\Exercicio1\exe3\exe3.csproj", "{2E5D70E6-B4D2-41D6-BCAA-360DA266FAFA}"
EndProject
Project("{9A19103F-16F7-4668-BE54-9A1E7A4F7556}") = "exe4", "Semana2\attsAula\Exercicio1\exe4\exe4.csproj", "{E57EF285-E290-4810-9FAB-7631643470F0}"
EndProject
Project("{2150E333-8FDC-42A3-9474-1A3956D46DE8}") = "Exemplos", "Exemplos", "{A3BBB73D-4DF2-429A-AFA1-8B6C5547C091}"
EndProject
Project("{9A19103F-16F7-4668-BE54-9A1E7A4F7556}") = "ExemploData", "Semana2\attsAula\Exemplos\ExemploData\ExemploData.csproj", "{1BEBF3BF-5D3F-4AF9-8F2E-EB2457F6C875}"
EndProject
Project("{9A19103F-16F7-4668-BE54-9A1E7A4F7556}") = "ExemploLista", "Semana2\attsAula\Exemplos\ExemploLista\ExemploLista.csproj", "{FD5585AD-BB16-4CFF-AE8A-65698DEB2F84}"
EndProject
Project("{2150E333-8FDC-42A3-9474-1A3956D46DE8}") = "Praticas", "Praticas", "{F58628FF-8AA3-4A4A-975A-228ACCD30939}"
EndProject
Project("{FAE04EC0-301F-11D3-BF4B-00C04F79EFBC}") = "Pratica2", "Semana3\attsAula\Praticas\Pratica2\Pratica2.csproj", "{B8B9636B-EF72-4530-B1A3-227C7B38C12E}"
EndProject
Project("{2150E333-8FDC-42A3-9474-1A3956D46DE8}") = "Exercicios", "Exercicios", "{39E2FF64-CCE4-49F9-80DA-EF7CCDC477DD}"
EndProject
Global
	GlobalSection(SolutionConfigurationPlatforms) = preSolution
		Debug|Any CPU = Debug|Any CPU
		Release|Any CPU = Release|Any CPU
	EndGlobalSection
	GlobalSection(ProjectConfigurationPlatforms) = postSolution
		{F29EA93B-56F8-4D5D-9E30-C36889A73740}.Debug|Any CPU.ActiveCfg = Debug|Any CPU
		{F29EA93B-56F8-4D5D-9E30-C36889A73740}.Debug|Any CPU.Build.0 = Debug|Any CPU
		{F29EA93B-56F8-4D5D-9E30-C36889A73740}.Release|Any CPU.ActiveCfg = Release|Any CPU
		{F29EA93B-56F8-4D5D-9E30-C36889A73740}.Release|Any CPU.Build.0 = Release|Any CPU
		{BBD38A43-4AB0-45A9-8773-78074014E876}.Debug|Any CPU.ActiveCfg = Debug|Any CPU
		{BBD38A43-4AB0-45A9-8773-78074014E876}.Debug|Any CPU.Build.0 = Debug|Any CPU
		{BBD38A43-4AB0-45A9-8773-78074014E876}.Release|Any CPU.ActiveCfg = Release|Any CPU
		{BBD38A43-4AB0-45A9-8773-78074014E876}.Release|Any CPU.Build.0 = Release|Any CPU
		{160FECA2-EF9A-41BF-BCB3-8451A289ABBA}.Debug|Any CPU.ActiveCfg = Debug|Any CPU
		{160FECA2-EF9A-41BF-BCB3-8451A289ABBA}.Debug|Any CPU.Build.0 = Debug|Any CPU
		{160FECA2-EF9A-41BF-BCB3-8451A289ABBA}.Release|Any CPU.ActiveCfg = Release|Any CPU
		{160FECA2-EF9A-41BF-BCB3-8451A289ABBA}.Release|Any CPU.Build.0 = Release|Any CPU
		{FF4DF722-734E-4AE6-8F7E-CC0A856B6143}.Debug|Any CPU.ActiveCfg = Debug|Any CPU
		{FF4DF722-734E-4AE6-8F7E-CC0A856B6143}.Debug|Any CPU.Build.0 = Debug|Any CPU
		{FF4DF722-734E-4AE6-8F7E-CC0A856B6143}.Release|Any CPU.ActiveCfg = Release|Any CPU
		{FF4DF722-734E-4AE6-8F7E-CC0A856B6143}.Release|Any CPU.Build.0 = Release|Any CPU
		{0B9DACE5-1FD6-48D7-8406-845933B5376E}.Debug|Any CPU.ActiveCfg = Debug|Any CPU
		{0B9DACE5-1FD6-48D7-8406-845933B5376E}.Debug|Any CPU.Build.0 = Debug|Any CPU
		{0B9DACE5-1FD6-48D7-8406-845933B5376E}.Release|Any CPU.ActiveCfg = Release|Any CPU
		{0B9DACE5-1FD6-48D7-8406-845933B5376E}.Release|Any CPU.Build.0 = Release|Any CPU
		{F6168D97-BB9C-4FCB-807C-5F1466283DF8}.Debug|Any CPU.ActiveCfg = Debug|Any CPU
		{F6168D97-BB9C-4FCB-807C-5F1466283DF8}.Debug|Any CPU.Build.0 = Debug|Any CPU
		{F6168D97-BB9C-4FCB-807C-5F1466283DF8}.Release|Any CPU.ActiveCfg = Release|Any CPU
		{F6168D97-BB9C-4FCB-807C-5F1466283DF8}.Release|Any CPU.Build.0 = Release|Any CPU
		{D0C6A628-431E-4019-9653-3C2F50EC2127}.Debug|Any CPU.ActiveCfg = Debug|Any CPU
		{D0C6A628-431E-4019-9653-3C2F50EC2127}.Debug|Any CPU.Build.0 = Debug|Any CPU
		{D0C6A628-431E-4019-9653-3C2F50EC2127}.Release|Any CPU.ActiveCfg = Release|Any CPU
		{D0C6A628-431E-4019-9653-3C2F50EC2127}.Release|Any CPU.Build.0 = Release|Any CPU
		{0F4514F2-2152-446C-BC06-B964126CED9A}.Debug|Any CPU.ActiveCfg = Debug|Any CPU
		{0F4514F2-2152-446C-BC06-B964126CED9A}.Debug|Any CPU.Build.0 = Debug|Any CPU
		{0F4514F2-2152-446C-BC06-B964126CED9A}.Release|Any CPU.ActiveCfg = Release|Any CPU
		{0F4514F2-2152-446C-BC06-B964126CED9A}.Release|Any CPU.Build.0 = Release|Any CPU
		{59305758-5E39-479B-B773-29F47AABA316}.Debug|Any CPU.ActiveCfg = Debug|Any CPU
		{59305758-5E39-479B-B773-29F47AABA316}.Debug|Any CPU.Build.0 = Debug|Any CPU
		{59305758-5E39-479B-B773-29F47AABA316}.Release|Any CPU.ActiveCfg = Release|Any CPU
		{59305758-5E39-479B-B773-29F47AABA316}.Release|Any CPU.Build.0 = Release|Any CPU
		{E2F10127-80A6-453C-863C-53C089550078}.Debug|Any CPU.ActiveCfg = Debug|Any CPU
		{E2F10127-80A6-453C-863C-53C089550078}.Debug|Any CPU.Build.0 = Debug|Any CPU
		{E2F10127-80A6-453C-863C-53C089550078}.Release|Any CPU.ActiveCfg = Release|Any CPU
		{E2F10127-80A6-453C-863C-53C089550078}.Release|Any CPU.Build.0 = Release|Any CPU
		{5AAA545B-AEE0-4A26-8E91-08E99DA796C9}.Debug|Any CPU.ActiveCfg = Debug|Any CPU
		{5AAA545B-AEE0-4A26-8E91-08E99DA796C9}.Debug|Any CPU.Build.0 = Debug|Any CPU
		{5AAA545B-AEE0-4A26-8E91-08E99DA796C9}.Release|Any CPU.ActiveCfg = Release|Any CPU
		{5AAA545B-AEE0-4A26-8E91-08E99DA796C9}.Release|Any CPU.Build.0 = Release|Any CPU
		{8C32F922-E181-4A02-93E5-93F3EEB3F4A4}.Debug|Any CPU.ActiveCfg = Debug|Any CPU
		{8C32F922-E181-4A02-93E5-93F3EEB3F4A4}.Debug|Any CPU.Build.0 = Debug|Any CPU
		{8C32F922-E181-4A02-93E5-93F3EEB3F4A4}.Release|Any CPU.ActiveCfg = Release|Any CPU
		{8C32F922-E181-4A02-93E5-93F3EEB3F4A4}.Release|Any CPU.Build.0 = Release|Any CPU
		{303483B2-4B1A-45DC-8CE6-C67097A1E77C}.Debug|Any CPU.ActiveCfg = Debug|Any CPU
		{303483B2-4B1A-45DC-8CE6-C67097A1E77C}.Debug|Any CPU.Build.0 = Debug|Any CPU
		{303483B2-4B1A-45DC-8CE6-C67097A1E77C}.Release|Any CPU.ActiveCfg = Release|Any CPU
		{303483B2-4B1A-45DC-8CE6-C67097A1E77C}.Release|Any CPU.Build.0 = Release|Any CPU
		{10E86DF7-DA3F-48B5-93AE-1E30E1F51108}.Debug|Any CPU.ActiveCfg = Debug|Any CPU
		{10E86DF7-DA3F-48B5-93AE-1E30E1F51108}.Debug|Any CPU.Build.0 = Debug|Any CPU
		{10E86DF7-DA3F-48B5-93AE-1E30E1F51108}.Release|Any CPU.ActiveCfg = Release|Any CPU
		{10E86DF7-DA3F-48B5-93AE-1E30E1F51108}.Release|Any CPU.Build.0 = Release|Any CPU
		{2E5D70E6-B4D2-41D6-BCAA-360DA266FAFA}.Debug|Any CPU.ActiveCfg = Debug|Any CPU
		{2E5D70E6-B4D2-41D6-BCAA-360DA266FAFA}.Debug|Any CPU.Build.0 = Debug|Any CPU
		{2E5D70E6-B4D2-41D6-BCAA-360DA266FAFA}.Release|Any CPU.ActiveCfg = Release|Any CPU
		{2E5D70E6-B4D2-41D6-BCAA-360DA266FAFA}.Release|Any CPU.Build.0 = Release|Any CPU
		{E57EF285-E290-4810-9FAB-7631643470F0}.Debug|Any CPU.ActiveCfg = Debug|Any CPU
		{E57EF285-E290-4810-9FAB-7631643470F0}.Debug|Any CPU.Build.0 = Debug|Any CPU
		{E57EF285-E290-4810-9FAB-7631643470F0}.Release|Any CPU.ActiveCfg = Release|Any CPU
		{E57EF285-E290-4810-9FAB-7631643470F0}.Release|Any CPU.Build.0 = Release|Any CPU
		{1BEBF3BF-5D3F-4AF9-8F2E-EB2457F6C875}.Debug|Any CPU.ActiveCfg = Debug|Any CPU
		{1BEBF3BF-5D3F-4AF9-8F2E-EB2457F6C875}.Debug|Any CPU.Build.0 = Debug|Any CPU
		{1BEBF3BF-5D3F-4AF9-8F2E-EB2457F6C875}.Release|Any CPU.ActiveCfg = Release|Any CPU
		{1BEBF3BF-5D3F-4AF9-8F2E-EB2457F6C875}.Release|Any CPU.Build.0 = Release|Any CPU
		{FD5585AD-BB16-4CFF-AE8A-65698DEB2F84}.Debug|Any CPU.ActiveCfg = Debug|Any CPU
		{FD5585AD-BB16-4CFF-AE8A-65698DEB2F84}.Debug|Any CPU.Build.0 = Debug|Any CPU
		{FD5585AD-BB16-4CFF-AE8A-65698DEB2F84}.Release|Any CPU.ActiveCfg = Release|Any CPU
		{FD5585AD-BB16-4CFF-AE8A-65698DEB2F84}.Release|Any CPU.Build.0 = Release|Any CPU
		{B8B9636B-EF72-4530-B1A3-227C7B38C12E}.Debug|Any CPU.ActiveCfg = Debug|Any CPU
		{B8B9636B-EF72-4530-B1A3-227C7B38C12E}.Debug|Any CPU.Build.0 = Debug|Any CPU
		{B8B9636B-EF72-4530-B1A3-227C7B38C12E}.Release|Any CPU.ActiveCfg = Release|Any CPU
		{B8B9636B-EF72-4530-B1A3-227C7B38C12E}.Release|Any CPU.Build.0 = Release|Any CPU
	EndGlobalSection
	GlobalSection(SolutionProperties) = preSolution
		HideSolutionNode = FALSE
	EndGlobalSection
	GlobalSection(NestedProjects) = preSolution
		{F29EA93B-56F8-4D5D-9E30-C36889A73740} = {4A42A7AD-027F-4DD7-8EE2-FE337910DC55}
		{01819E13-60CA-42F5-8C63-448BF305468B} = {D99C7C5C-C9E2-4E5E-A3B5-123875A5F735}
		{BBD38A43-4AB0-45A9-8773-78074014E876} = {01819E13-60CA-42F5-8C63-448BF305468B}
		{D01C7543-3C5C-4A3A-8477-BCFE953E8C58} = {E7FC6699-1540-45AD-AF27-E898B936D591}
		{160FECA2-EF9A-41BF-BCB3-8451A289ABBA} = {D01C7543-3C5C-4A3A-8477-BCFE953E8C58}
		{00A142FE-1BE3-437F-9DDF-B7A80361AA6E} = {E7FC6699-1540-45AD-AF27-E898B936D591}
		{FF4DF722-734E-4AE6-8F7E-CC0A856B6143} = {00A142FE-1BE3-437F-9DDF-B7A80361AA6E}
		{0B9DACE5-1FD6-48D7-8406-845933B5376E} = {00A142FE-1BE3-437F-9DDF-B7A80361AA6E}
		{C65B1857-D075-4906-A42F-8ED7FE56173E} = {4A42A7AD-027F-4DD7-8EE2-FE337910DC55}
		{BE6BF15C-32DA-47BC-BFAA-0E762A6C51A3} = {C65B1857-D075-4906-A42F-8ED7FE56173E}
		{F6168D97-BB9C-4FCB-807C-5F1466283DF8} = {BE6BF15C-32DA-47BC-BFAA-0E762A6C51A3}
		{B850D3FC-A593-4E9A-B88B-E212A3511515} = {C65B1857-D075-4906-A42F-8ED7FE56173E}
		{D0C6A628-431E-4019-9653-3C2F50EC2127} = {B850D3FC-A593-4E9A-B88B-E212A3511515}
		{0D474D6B-7C3D-493F-A295-D87563444762} = {C65B1857-D075-4906-A42F-8ED7FE56173E}
		{0F4514F2-2152-446C-BC06-B964126CED9A} = {0D474D6B-7C3D-493F-A295-D87563444762}
		{E4D5B580-39E1-44FD-9B14-D32AF6AC069A} = {C65B1857-D075-4906-A42F-8ED7FE56173E}
		{59305758-5E39-479B-B773-29F47AABA316} = {E4D5B580-39E1-44FD-9B14-D32AF6AC069A}
		{713512D3-8F57-4989-8B20-C29B8C84A6D9} = {C65B1857-D075-4906-A42F-8ED7FE56173E}
		{E2F10127-80A6-453C-863C-53C089550078} = {713512D3-8F57-4989-8B20-C29B8C84A6D9}
		{645FE107-9091-4CFC-B290-A75779FE4459} = {C65B1857-D075-4906-A42F-8ED7FE56173E}
		{5AAA545B-AEE0-4A26-8E91-08E99DA796C9} = {645FE107-9091-4CFC-B290-A75779FE4459}
		{E889B186-342F-4955-90F9-41349ECA56C7} = {C65B1857-D075-4906-A42F-8ED7FE56173E}
		{8C32F922-E181-4A02-93E5-93F3EEB3F4A4} = {E889B186-342F-4955-90F9-41349ECA56C7}
		{64DF6CC9-4A8B-4C1B-BE96-E1CD46F5BB7B} = {D99C7C5C-C9E2-4E5E-A3B5-123875A5F735}
		{EB60371A-06E9-43E9-A2CA-2493F7AEAA94} = {64DF6CC9-4A8B-4C1B-BE96-E1CD46F5BB7B}
		{303483B2-4B1A-45DC-8CE6-C67097A1E77C} = {EB60371A-06E9-43E9-A2CA-2493F7AEAA94}
		{10E86DF7-DA3F-48B5-93AE-1E30E1F51108} = {EB60371A-06E9-43E9-A2CA-2493F7AEAA94}
		{2E5D70E6-B4D2-41D6-BCAA-360DA266FAFA} = {EB60371A-06E9-43E9-A2CA-2493F7AEAA94}
		{E57EF285-E290-4810-9FAB-7631643470F0} = {EB60371A-06E9-43E9-A2CA-2493F7AEAA94}
		{A3BBB73D-4DF2-429A-AFA1-8B6C5547C091} = {64DF6CC9-4A8B-4C1B-BE96-E1CD46F5BB7B}
		{1BEBF3BF-5D3F-4AF9-8F2E-EB2457F6C875} = {A3BBB73D-4DF2-429A-AFA1-8B6C5547C091}
		{FD5585AD-BB16-4CFF-AE8A-65698DEB2F84} = {A3BBB73D-4DF2-429A-AFA1-8B6C5547C091}
		{F58628FF-8AA3-4A4A-975A-228ACCD30939} = {D01C7543-3C5C-4A3A-8477-BCFE953E8C58}
		{B8B9636B-EF72-4530-B1A3-227C7B38C12E} = {F58628FF-8AA3-4A4A-975A-228ACCD30939}
		{39E2FF64-CCE4-49F9-80DA-EF7CCDC477DD} = {D01C7543-3C5C-4A3A-8477-BCFE953E8C58}
	EndGlobalSection
	GlobalSection(ExtensibilityGlobals) = postSolution
		SolutionGuid = {1814EAFE-F612-4007-BC93-7C4F67A1B726}
	EndGlobalSection
EndGlobal
