
Microsoft Visual Studio Solution File, Format Version 12.00
# Visual Studio Version 17
VisualStudioVersion = 17.5.002.0
MinimumVisualStudioVersion = 10.0.40219.1
Project("{2150E333-8FDC-42A3-9474-1A3956D46DE8}") = "Semana1", "Semana1", "{B5D6677E-8DE9-490F-822C-9FA9245D2A6B}"
EndProject
Project("{9A19103F-16F7-4668-BE54-9A1E7A4F7556}") = "apptest", "Semana1\apptest\apptest.csproj", "{64B2D9F9-27DC-4F4E-8ED1-A3871BFB06B7}"
EndProject
Project("{2150E333-8FDC-42A3-9474-1A3956D46DE8}") = "Semana2", "Semana2", "{15B22A31-2D05-4DE1-BFC6-F4726B6B90C0}"
EndProject
Project("{2150E333-8FDC-42A3-9474-1A3956D46DE8}") = "IP-dotNET-P02", "IP-dotNET-P02", "{C232D51A-90F7-455B-87FD-82FE3E077C90}"
EndProject
Project("{9A19103F-16F7-4668-BE54-9A1E7A4F7556}") = "gerenciadorTarefas", "Semana2\IP-dotNET-P02\gerenciadorTarefas\gerenciadorTarefas.csproj", "{EF9F6298-D27D-49AD-8C53-4170BF8B2590}"
EndProject
Project("{2150E333-8FDC-42A3-9474-1A3956D46DE8}") = "Semana3", "Semana3", "{5E3B1125-E35F-4E05-AB65-B078E66F365D}"
EndProject
Project("{2150E333-8FDC-42A3-9474-1A3956D46DE8}") = "IP-dotNET-P03", "IP-dotNET-P03", "{0295EE38-A7DA-4288-AB78-75D61B3F8017}"
EndProject
Project("{9A19103F-16F7-4668-BE54-9A1E7A4F7556}") = "GerenciamentoEstoque", "Semana3\IP-dotNET-P03\GerenciamentoEstoque\GerenciamentoEstoque.csproj", "{A7EDB58F-92DB-41D1-8FCA-BCD404F25D86}"
EndProject
Project("{2150E333-8FDC-42A3-9474-1A3956D46DE8}") = "Exemplos", "Exemplos", "{D5660BB2-5229-46CE-9874-B0CB95E898E2}"
EndProject
Project("{9A19103F-16F7-4668-BE54-9A1E7A4F7556}") = "exemplo1", "Semana3\Exemplos\exemplo1\exemplo1.csproj", "{ED5F3531-87FA-4FE3-879F-6AB50EE24FCD}"
EndProject
Project("{9A19103F-16F7-4668-BE54-9A1E7A4F7556}") = "Exemplo2", "Semana3\Exemplos\Exemplo2\Exemplo2.csproj", "{9136B33B-7D86-417A-B05F-D90A100FB4A7}"
EndProject
Project("{2150E333-8FDC-42A3-9474-1A3956D46DE8}") = "IP-dotNET-P01", "IP-dotNET-P01", "{625C4204-1890-4132-9258-0C4C6FCC5130}"
EndProject
Project("{2150E333-8FDC-42A3-9474-1A3956D46DE8}") = "07", "07", "{87CF782C-7955-41DA-AD7A-7E314D93EF70}"
EndProject
Project("{9A19103F-16F7-4668-BE54-9A1E7A4F7556}") = "exe7", "Semana1\IP-dotNET-P01\07\exe7\exe7.csproj", "{9CB1C4CF-5917-44E5-86C2-1E8903DF60AA}"
EndProject
Project("{2150E333-8FDC-42A3-9474-1A3956D46DE8}") = "02", "02", "{0C0BB284-6B92-42A6-A8FB-60DDD381DAEC}"
EndProject
Project("{9A19103F-16F7-4668-BE54-9A1E7A4F7556}") = "exe1", "Semana1\IP-dotNET-P01\02\exe1\exe1.csproj", "{BC220240-1C8F-48C2-A940-E20EB6BBF91C}"
EndProject
Project("{2150E333-8FDC-42A3-9474-1A3956D46DE8}") = "08", "08", "{A7BFED79-9422-49FC-BBE4-DDEF0D60BAA6}"
EndProject
Project("{9A19103F-16F7-4668-BE54-9A1E7A4F7556}") = "exe8", "Semana1\IP-dotNET-P01\08\exe8\exe8.csproj", "{99BA0BA2-ACF2-47D5-9A2C-99871E4EDD45}"
EndProject
Project("{2150E333-8FDC-42A3-9474-1A3956D46DE8}") = "04", "04", "{CBF04B5F-F8A1-4DCE-BF8B-E2021E6EF11D}"
EndProject
Project("{9A19103F-16F7-4668-BE54-9A1E7A4F7556}") = "exe4", "Semana1\IP-dotNET-P01\04\exe4\exe4.csproj", "{382FA4B8-4D1E-40B1-A098-53D6DCF64115}"
EndProject
Project("{2150E333-8FDC-42A3-9474-1A3956D46DE8}") = "05", "05", "{72F06132-27A5-4E4A-8B3E-3F01C8C71E70}"
EndProject
Project("{9A19103F-16F7-4668-BE54-9A1E7A4F7556}") = "exe5", "Semana1\IP-dotNET-P01\05\exe5\exe5.csproj", "{8AFC33BD-7831-4F10-9B70-4985E8FF8998}"
EndProject
Project("{2150E333-8FDC-42A3-9474-1A3956D46DE8}") = "06", "06", "{C0B2C1EC-5623-4707-9496-CDEA7CC161E3}"
EndProject
Project("{9A19103F-16F7-4668-BE54-9A1E7A4F7556}") = "exe6", "Semana1\IP-dotNET-P01\06\exe6\exe6.csproj", "{370370BF-BABD-468A-B736-911EDC2EB553}"
EndProject
Project("{2150E333-8FDC-42A3-9474-1A3956D46DE8}") = "03", "03", "{80034E69-9B24-427D-8AAC-996D80F361BB}"
EndProject
Project("{9A19103F-16F7-4668-BE54-9A1E7A4F7556}") = "exe3", "Semana1\IP-dotNET-P01\03\exe3\exe3.csproj", "{433819B2-FC88-4FF5-ACE2-FD2E0671CD3A}"
EndProject
Project("{2150E333-8FDC-42A3-9474-1A3956D46DE8}") = "attsAula", "attsAula", "{FF6915A0-C6AB-43E3-BAE4-4D69A1A0BECB}"
EndProject
Project("{2150E333-8FDC-42A3-9474-1A3956D46DE8}") = "Exercicio1", "Exercicio1", "{15CF8FEA-6EAE-4502-8A0B-D440749C1F08}"
EndProject
Project("{9A19103F-16F7-4668-BE54-9A1E7A4F7556}") = "exe2", "Semana2\attsAula\Exercicio1\exe2\exe2.csproj", "{60261398-0E0E-4780-AA63-3BF1CEBE3098}"
EndProject
Project("{9A19103F-16F7-4668-BE54-9A1E7A4F7556}") = "exe1", "Semana2\attsAula\Exercicio1\exe1\exe1.csproj", "{3916D270-D9C8-4B08-A468-22888C4A657C}"
EndProject
Project("{9A19103F-16F7-4668-BE54-9A1E7A4F7556}") = "exe3", "Semana2\attsAula\Exercicio1\exe3\exe3.csproj", "{4FF8405C-BB27-440F-94DF-68A48B4EBF0F}"
EndProject
Project("{9A19103F-16F7-4668-BE54-9A1E7A4F7556}") = "exe4", "Semana2\attsAula\Exercicio1\exe4\exe4.csproj", "{4A8A6A8A-083A-4835-AC33-D22E0CE4AF94}"
EndProject
Project("{2150E333-8FDC-42A3-9474-1A3956D46DE8}") = "Exemplos", "Exemplos", "{F5F05D91-A7D5-4861-A96B-B1678493F5FC}"
EndProject
Project("{9A19103F-16F7-4668-BE54-9A1E7A4F7556}") = "ExemploData", "Semana2\attsAula\Exemplos\ExemploData\ExemploData.csproj", "{6F8DFE03-FDF4-4DF4-A6AD-FC14D536F6A2}"
EndProject
Project("{9A19103F-16F7-4668-BE54-9A1E7A4F7556}") = "ExemploLista", "Semana2\attsAula\Exemplos\ExemploLista\ExemploLista.csproj", "{D62F337E-B659-4C9B-9058-4184FBF9EC7C}"
EndProject
Project("{2150E333-8FDC-42A3-9474-1A3956D46DE8}") = "attsAula", "attsAula", "{B8D0C2EF-207D-4C0E-A259-0F2E6D0B687C}"
EndProject
Project("{2150E333-8FDC-42A3-9474-1A3956D46DE8}") = "Praticas", "Praticas", "{FA67D624-EB81-4FF7-A22D-27AFAA2F3DBF}"
EndProject
Project("{9A19103F-16F7-4668-BE54-9A1E7A4F7556}") = "Pratica2", "Semana3\attsAula\Praticas\Pratica2\Pratica2.csproj", "{5C5BA319-9A70-4D41-9B3C-7B743E7AA96E}"
EndProject
Project("{9A19103F-16F7-4668-BE54-9A1E7A4F7556}") = "Pratica1", "Semana3\attsAula\Praticas\Pratica1\Pratica1.csproj", "{9BBBCA80-E347-4792-97CF-50A155E44D19}"
EndProject
Project("{2150E333-8FDC-42A3-9474-1A3956D46DE8}") = "Avaliacao01", "Avaliacao01", "{DBE75D73-9FFA-41F9-94E7-AB5975B258AF}"
EndProject
Project("{FAE04EC0-301F-11D3-BF4B-00C04F79EFBC}") = "ConsutorioMedico", "Avaliacao01\ConsutorioMedico\ConsutorioMedico.csproj", "{DE37BB1B-57B2-4DDB-8268-7A3E97F30243}"
EndProject
Global
	GlobalSection(SolutionConfigurationPlatforms) = preSolution
		Debug|Any CPU = Debug|Any CPU
		Release|Any CPU = Release|Any CPU
	EndGlobalSection
	GlobalSection(ProjectConfigurationPlatforms) = postSolution
		{64B2D9F9-27DC-4F4E-8ED1-A3871BFB06B7}.Debug|Any CPU.ActiveCfg = Debug|Any CPU
		{64B2D9F9-27DC-4F4E-8ED1-A3871BFB06B7}.Debug|Any CPU.Build.0 = Debug|Any CPU
		{64B2D9F9-27DC-4F4E-8ED1-A3871BFB06B7}.Release|Any CPU.ActiveCfg = Release|Any CPU
		{64B2D9F9-27DC-4F4E-8ED1-A3871BFB06B7}.Release|Any CPU.Build.0 = Release|Any CPU
		{EF9F6298-D27D-49AD-8C53-4170BF8B2590}.Debug|Any CPU.ActiveCfg = Debug|Any CPU
		{EF9F6298-D27D-49AD-8C53-4170BF8B2590}.Debug|Any CPU.Build.0 = Debug|Any CPU
		{EF9F6298-D27D-49AD-8C53-4170BF8B2590}.Release|Any CPU.ActiveCfg = Release|Any CPU
		{EF9F6298-D27D-49AD-8C53-4170BF8B2590}.Release|Any CPU.Build.0 = Release|Any CPU
		{A7EDB58F-92DB-41D1-8FCA-BCD404F25D86}.Debug|Any CPU.ActiveCfg = Debug|Any CPU
		{A7EDB58F-92DB-41D1-8FCA-BCD404F25D86}.Debug|Any CPU.Build.0 = Debug|Any CPU
		{A7EDB58F-92DB-41D1-8FCA-BCD404F25D86}.Release|Any CPU.ActiveCfg = Release|Any CPU
		{A7EDB58F-92DB-41D1-8FCA-BCD404F25D86}.Release|Any CPU.Build.0 = Release|Any CPU
		{ED5F3531-87FA-4FE3-879F-6AB50EE24FCD}.Debug|Any CPU.ActiveCfg = Debug|Any CPU
		{ED5F3531-87FA-4FE3-879F-6AB50EE24FCD}.Debug|Any CPU.Build.0 = Debug|Any CPU
		{ED5F3531-87FA-4FE3-879F-6AB50EE24FCD}.Release|Any CPU.ActiveCfg = Release|Any CPU
		{ED5F3531-87FA-4FE3-879F-6AB50EE24FCD}.Release|Any CPU.Build.0 = Release|Any CPU
		{9136B33B-7D86-417A-B05F-D90A100FB4A7}.Debug|Any CPU.ActiveCfg = Debug|Any CPU
		{9136B33B-7D86-417A-B05F-D90A100FB4A7}.Debug|Any CPU.Build.0 = Debug|Any CPU
		{9136B33B-7D86-417A-B05F-D90A100FB4A7}.Release|Any CPU.ActiveCfg = Release|Any CPU
		{9136B33B-7D86-417A-B05F-D90A100FB4A7}.Release|Any CPU.Build.0 = Release|Any CPU
		{9CB1C4CF-5917-44E5-86C2-1E8903DF60AA}.Debug|Any CPU.ActiveCfg = Debug|Any CPU
		{9CB1C4CF-5917-44E5-86C2-1E8903DF60AA}.Debug|Any CPU.Build.0 = Debug|Any CPU
		{9CB1C4CF-5917-44E5-86C2-1E8903DF60AA}.Release|Any CPU.ActiveCfg = Release|Any CPU
		{9CB1C4CF-5917-44E5-86C2-1E8903DF60AA}.Release|Any CPU.Build.0 = Release|Any CPU
		{BC220240-1C8F-48C2-A940-E20EB6BBF91C}.Debug|Any CPU.ActiveCfg = Debug|Any CPU
		{BC220240-1C8F-48C2-A940-E20EB6BBF91C}.Debug|Any CPU.Build.0 = Debug|Any CPU
		{BC220240-1C8F-48C2-A940-E20EB6BBF91C}.Release|Any CPU.ActiveCfg = Release|Any CPU
		{BC220240-1C8F-48C2-A940-E20EB6BBF91C}.Release|Any CPU.Build.0 = Release|Any CPU
		{99BA0BA2-ACF2-47D5-9A2C-99871E4EDD45}.Debug|Any CPU.ActiveCfg = Debug|Any CPU
		{99BA0BA2-ACF2-47D5-9A2C-99871E4EDD45}.Debug|Any CPU.Build.0 = Debug|Any CPU
		{99BA0BA2-ACF2-47D5-9A2C-99871E4EDD45}.Release|Any CPU.ActiveCfg = Release|Any CPU
		{99BA0BA2-ACF2-47D5-9A2C-99871E4EDD45}.Release|Any CPU.Build.0 = Release|Any CPU
		{382FA4B8-4D1E-40B1-A098-53D6DCF64115}.Debug|Any CPU.ActiveCfg = Debug|Any CPU
		{382FA4B8-4D1E-40B1-A098-53D6DCF64115}.Debug|Any CPU.Build.0 = Debug|Any CPU
		{382FA4B8-4D1E-40B1-A098-53D6DCF64115}.Release|Any CPU.ActiveCfg = Release|Any CPU
		{382FA4B8-4D1E-40B1-A098-53D6DCF64115}.Release|Any CPU.Build.0 = Release|Any CPU
		{8AFC33BD-7831-4F10-9B70-4985E8FF8998}.Debug|Any CPU.ActiveCfg = Debug|Any CPU
		{8AFC33BD-7831-4F10-9B70-4985E8FF8998}.Debug|Any CPU.Build.0 = Debug|Any CPU
		{8AFC33BD-7831-4F10-9B70-4985E8FF8998}.Release|Any CPU.ActiveCfg = Release|Any CPU
		{8AFC33BD-7831-4F10-9B70-4985E8FF8998}.Release|Any CPU.Build.0 = Release|Any CPU
		{370370BF-BABD-468A-B736-911EDC2EB553}.Debug|Any CPU.ActiveCfg = Debug|Any CPU
		{370370BF-BABD-468A-B736-911EDC2EB553}.Debug|Any CPU.Build.0 = Debug|Any CPU
		{370370BF-BABD-468A-B736-911EDC2EB553}.Release|Any CPU.ActiveCfg = Release|Any CPU
		{370370BF-BABD-468A-B736-911EDC2EB553}.Release|Any CPU.Build.0 = Release|Any CPU
		{433819B2-FC88-4FF5-ACE2-FD2E0671CD3A}.Debug|Any CPU.ActiveCfg = Debug|Any CPU
		{433819B2-FC88-4FF5-ACE2-FD2E0671CD3A}.Debug|Any CPU.Build.0 = Debug|Any CPU
		{433819B2-FC88-4FF5-ACE2-FD2E0671CD3A}.Release|Any CPU.ActiveCfg = Release|Any CPU
		{433819B2-FC88-4FF5-ACE2-FD2E0671CD3A}.Release|Any CPU.Build.0 = Release|Any CPU
		{60261398-0E0E-4780-AA63-3BF1CEBE3098}.Debug|Any CPU.ActiveCfg = Debug|Any CPU
		{60261398-0E0E-4780-AA63-3BF1CEBE3098}.Debug|Any CPU.Build.0 = Debug|Any CPU
		{60261398-0E0E-4780-AA63-3BF1CEBE3098}.Release|Any CPU.ActiveCfg = Release|Any CPU
		{60261398-0E0E-4780-AA63-3BF1CEBE3098}.Release|Any CPU.Build.0 = Release|Any CPU
		{3916D270-D9C8-4B08-A468-22888C4A657C}.Debug|Any CPU.ActiveCfg = Debug|Any CPU
		{3916D270-D9C8-4B08-A468-22888C4A657C}.Debug|Any CPU.Build.0 = Debug|Any CPU
		{3916D270-D9C8-4B08-A468-22888C4A657C}.Release|Any CPU.ActiveCfg = Release|Any CPU
		{3916D270-D9C8-4B08-A468-22888C4A657C}.Release|Any CPU.Build.0 = Release|Any CPU
		{4FF8405C-BB27-440F-94DF-68A48B4EBF0F}.Debug|Any CPU.ActiveCfg = Debug|Any CPU
		{4FF8405C-BB27-440F-94DF-68A48B4EBF0F}.Debug|Any CPU.Build.0 = Debug|Any CPU
		{4FF8405C-BB27-440F-94DF-68A48B4EBF0F}.Release|Any CPU.ActiveCfg = Release|Any CPU
		{4FF8405C-BB27-440F-94DF-68A48B4EBF0F}.Release|Any CPU.Build.0 = Release|Any CPU
		{4A8A6A8A-083A-4835-AC33-D22E0CE4AF94}.Debug|Any CPU.ActiveCfg = Debug|Any CPU
		{4A8A6A8A-083A-4835-AC33-D22E0CE4AF94}.Debug|Any CPU.Build.0 = Debug|Any CPU
		{4A8A6A8A-083A-4835-AC33-D22E0CE4AF94}.Release|Any CPU.ActiveCfg = Release|Any CPU
		{4A8A6A8A-083A-4835-AC33-D22E0CE4AF94}.Release|Any CPU.Build.0 = Release|Any CPU
		{6F8DFE03-FDF4-4DF4-A6AD-FC14D536F6A2}.Debug|Any CPU.ActiveCfg = Debug|Any CPU
		{6F8DFE03-FDF4-4DF4-A6AD-FC14D536F6A2}.Debug|Any CPU.Build.0 = Debug|Any CPU
		{6F8DFE03-FDF4-4DF4-A6AD-FC14D536F6A2}.Release|Any CPU.ActiveCfg = Release|Any CPU
		{6F8DFE03-FDF4-4DF4-A6AD-FC14D536F6A2}.Release|Any CPU.Build.0 = Release|Any CPU
		{D62F337E-B659-4C9B-9058-4184FBF9EC7C}.Debug|Any CPU.ActiveCfg = Debug|Any CPU
		{D62F337E-B659-4C9B-9058-4184FBF9EC7C}.Debug|Any CPU.Build.0 = Debug|Any CPU
		{D62F337E-B659-4C9B-9058-4184FBF9EC7C}.Release|Any CPU.ActiveCfg = Release|Any CPU
		{D62F337E-B659-4C9B-9058-4184FBF9EC7C}.Release|Any CPU.Build.0 = Release|Any CPU
		{5C5BA319-9A70-4D41-9B3C-7B743E7AA96E}.Debug|Any CPU.ActiveCfg = Debug|Any CPU
		{5C5BA319-9A70-4D41-9B3C-7B743E7AA96E}.Debug|Any CPU.Build.0 = Debug|Any CPU
		{5C5BA319-9A70-4D41-9B3C-7B743E7AA96E}.Release|Any CPU.ActiveCfg = Release|Any CPU
		{5C5BA319-9A70-4D41-9B3C-7B743E7AA96E}.Release|Any CPU.Build.0 = Release|Any CPU
		{9BBBCA80-E347-4792-97CF-50A155E44D19}.Debug|Any CPU.ActiveCfg = Debug|Any CPU
		{9BBBCA80-E347-4792-97CF-50A155E44D19}.Debug|Any CPU.Build.0 = Debug|Any CPU
		{9BBBCA80-E347-4792-97CF-50A155E44D19}.Release|Any CPU.ActiveCfg = Release|Any CPU
		{9BBBCA80-E347-4792-97CF-50A155E44D19}.Release|Any CPU.Build.0 = Release|Any CPU
		{DE37BB1B-57B2-4DDB-8268-7A3E97F30243}.Debug|Any CPU.ActiveCfg = Debug|Any CPU
		{DE37BB1B-57B2-4DDB-8268-7A3E97F30243}.Debug|Any CPU.Build.0 = Debug|Any CPU
		{DE37BB1B-57B2-4DDB-8268-7A3E97F30243}.Release|Any CPU.ActiveCfg = Release|Any CPU
		{DE37BB1B-57B2-4DDB-8268-7A3E97F30243}.Release|Any CPU.Build.0 = Release|Any CPU
	EndGlobalSection
	GlobalSection(SolutionProperties) = preSolution
		HideSolutionNode = FALSE
	EndGlobalSection
	GlobalSection(NestedProjects) = preSolution
		{64B2D9F9-27DC-4F4E-8ED1-A3871BFB06B7} = {B5D6677E-8DE9-490F-822C-9FA9245D2A6B}
		{C232D51A-90F7-455B-87FD-82FE3E077C90} = {15B22A31-2D05-4DE1-BFC6-F4726B6B90C0}
		{EF9F6298-D27D-49AD-8C53-4170BF8B2590} = {C232D51A-90F7-455B-87FD-82FE3E077C90}
		{0295EE38-A7DA-4288-AB78-75D61B3F8017} = {5E3B1125-E35F-4E05-AB65-B078E66F365D}
		{A7EDB58F-92DB-41D1-8FCA-BCD404F25D86} = {0295EE38-A7DA-4288-AB78-75D61B3F8017}
		{D5660BB2-5229-46CE-9874-B0CB95E898E2} = {5E3B1125-E35F-4E05-AB65-B078E66F365D}
		{ED5F3531-87FA-4FE3-879F-6AB50EE24FCD} = {D5660BB2-5229-46CE-9874-B0CB95E898E2}
		{9136B33B-7D86-417A-B05F-D90A100FB4A7} = {D5660BB2-5229-46CE-9874-B0CB95E898E2}
		{625C4204-1890-4132-9258-0C4C6FCC5130} = {B5D6677E-8DE9-490F-822C-9FA9245D2A6B}
		{87CF782C-7955-41DA-AD7A-7E314D93EF70} = {625C4204-1890-4132-9258-0C4C6FCC5130}
		{9CB1C4CF-5917-44E5-86C2-1E8903DF60AA} = {87CF782C-7955-41DA-AD7A-7E314D93EF70}
		{0C0BB284-6B92-42A6-A8FB-60DDD381DAEC} = {625C4204-1890-4132-9258-0C4C6FCC5130}
		{BC220240-1C8F-48C2-A940-E20EB6BBF91C} = {0C0BB284-6B92-42A6-A8FB-60DDD381DAEC}
		{A7BFED79-9422-49FC-BBE4-DDEF0D60BAA6} = {625C4204-1890-4132-9258-0C4C6FCC5130}
		{99BA0BA2-ACF2-47D5-9A2C-99871E4EDD45} = {A7BFED79-9422-49FC-BBE4-DDEF0D60BAA6}
		{CBF04B5F-F8A1-4DCE-BF8B-E2021E6EF11D} = {625C4204-1890-4132-9258-0C4C6FCC5130}
		{382FA4B8-4D1E-40B1-A098-53D6DCF64115} = {CBF04B5F-F8A1-4DCE-BF8B-E2021E6EF11D}
		{72F06132-27A5-4E4A-8B3E-3F01C8C71E70} = {625C4204-1890-4132-9258-0C4C6FCC5130}
		{8AFC33BD-7831-4F10-9B70-4985E8FF8998} = {72F06132-27A5-4E4A-8B3E-3F01C8C71E70}
		{C0B2C1EC-5623-4707-9496-CDEA7CC161E3} = {625C4204-1890-4132-9258-0C4C6FCC5130}
		{370370BF-BABD-468A-B736-911EDC2EB553} = {C0B2C1EC-5623-4707-9496-CDEA7CC161E3}
		{80034E69-9B24-427D-8AAC-996D80F361BB} = {625C4204-1890-4132-9258-0C4C6FCC5130}
		{433819B2-FC88-4FF5-ACE2-FD2E0671CD3A} = {80034E69-9B24-427D-8AAC-996D80F361BB}
		{FF6915A0-C6AB-43E3-BAE4-4D69A1A0BECB} = {15B22A31-2D05-4DE1-BFC6-F4726B6B90C0}
		{15CF8FEA-6EAE-4502-8A0B-D440749C1F08} = {FF6915A0-C6AB-43E3-BAE4-4D69A1A0BECB}
		{60261398-0E0E-4780-AA63-3BF1CEBE3098} = {15CF8FEA-6EAE-4502-8A0B-D440749C1F08}
		{3916D270-D9C8-4B08-A468-22888C4A657C} = {15CF8FEA-6EAE-4502-8A0B-D440749C1F08}
		{4FF8405C-BB27-440F-94DF-68A48B4EBF0F} = {15CF8FEA-6EAE-4502-8A0B-D440749C1F08}
		{4A8A6A8A-083A-4835-AC33-D22E0CE4AF94} = {15CF8FEA-6EAE-4502-8A0B-D440749C1F08}
		{F5F05D91-A7D5-4861-A96B-B1678493F5FC} = {FF6915A0-C6AB-43E3-BAE4-4D69A1A0BECB}
		{6F8DFE03-FDF4-4DF4-A6AD-FC14D536F6A2} = {F5F05D91-A7D5-4861-A96B-B1678493F5FC}
		{D62F337E-B659-4C9B-9058-4184FBF9EC7C} = {F5F05D91-A7D5-4861-A96B-B1678493F5FC}
		{B8D0C2EF-207D-4C0E-A259-0F2E6D0B687C} = {5E3B1125-E35F-4E05-AB65-B078E66F365D}
		{FA67D624-EB81-4FF7-A22D-27AFAA2F3DBF} = {B8D0C2EF-207D-4C0E-A259-0F2E6D0B687C}
		{5C5BA319-9A70-4D41-9B3C-7B743E7AA96E} = {FA67D624-EB81-4FF7-A22D-27AFAA2F3DBF}
		{9BBBCA80-E347-4792-97CF-50A155E44D19} = {FA67D624-EB81-4FF7-A22D-27AFAA2F3DBF}
		{DE37BB1B-57B2-4DDB-8268-7A3E97F30243} = {DBE75D73-9FFA-41F9-94E7-AB5975B258AF}
	EndGlobalSection
	GlobalSection(ExtensibilityGlobals) = postSolution
		SolutionGuid = {5F48BA44-039F-4FE6-9A0D-5996A9890BFA}
	EndGlobalSection
EndGlobal
